
Microsoft Visual Studio Solution File, Format Version 10.00
# Visual Studio 2008
Project("{8BC9CEB8-8B4A-11D0-8D11-00A0C91BC942}") = "Launcher", "Launcher.vcproj", "{2F43036B-C6DC-4596-B183-E16C18EACD30}"
EndProject
Project("{8BC9CEB8-8B4A-11D0-8D11-00A0C91BC942}") = "TCVM", "TCVM.vcproj", "{B6DC7204-DD8B-4A7B-995F-368B82F630DE}"
EndProject
Project("{8BC9CEB8-8B4A-11D0-8D11-00A0C91BC942}") = "Litebase", "..\..\..\LitebaseSDK\builders\vc2008\Litebase.vcproj", "{66EE456C-E926-4933-8F55-C2F572CE7444}"
EndProject
Project("{8BC9CEB8-8B4A-11D0-8D11-00A0C91BC942}") = "Conduit", "Conduit.vcproj", "{46D32E55-2F3C-48E1-9E52-2A88C0AE7817}"
	ProjectSection(ProjectDependencies) = postProject
		{B6DC7204-DD8B-4A7B-995F-368B82F630DE} = {B6DC7204-DD8B-4A7B-995F-368B82F630DE}
	EndProjectSection
EndProject
Project("{2150E333-8FDC-42A3-9474-1A3956D46DE8}") = "Scanners", "Scanners", "{3CBB7FE5-0A2E-44F1-8955-306431838F72}"
EndProject
Project("{8BC9CEB8-8B4A-11D0-8D11-00A0C91BC942}") = "Motorola", "Motorola.vcproj", "{D1355C45-F5BE-4BDF-A876-BCB63819F02A}"
	ProjectSection(ProjectDependencies) = postProject
		{B6DC7204-DD8B-4A7B-995F-368B82F630DE} = {B6DC7204-DD8B-4A7B-995F-368B82F630DE}
	EndProjectSection
EndProject
Project("{8BC9CEB8-8B4A-11D0-8D11-00A0C91BC942}") = "Intermec", "Intermec.vcproj", "{1407A4CD-4F45-41E9-A2DB-38B6BC6A6CA8}"
	ProjectSection(ProjectDependencies) = postProject
		{B6DC7204-DD8B-4A7B-995F-368B82F630DE} = {B6DC7204-DD8B-4A7B-995F-368B82F630DE}
	EndProjectSection
EndProject
Project("{8BC9CEB8-8B4A-11D0-8D11-00A0C91BC942}") = "Pidion", "Pidion.vcproj", "{3804F950-2D5E-46CB-8BD9-5DBB7C0437BA}"
	ProjectSection(ProjectDependencies) = postProject
		{B6DC7204-DD8B-4A7B-995F-368B82F630DE} = {B6DC7204-DD8B-4A7B-995F-368B82F630DE}
	EndProjectSection
EndProject
Project("{8BC9CEB8-8B4A-11D0-8D11-00A0C91BC942}") = "Dolphin", "Dolphin.vcproj", "{2FA90BFC-ACFD-49FE-8589-EAA892EE0098}"
	ProjectSection(ProjectDependencies) = postProject
		{B6DC7204-DD8B-4A7B-995F-368B82F630DE} = {B6DC7204-DD8B-4A7B-995F-368B82F630DE}
	EndProjectSection
EndProject
Project("{B900F1C2-3D47-4FEC-85B3-04AAF18C3634}") = "TotalCrossCab", "TotalCrossCab\TotalCrossCab.vddproj", "{BBF7EF0C-384D-407D-ABC3-454B0036972B}"
EndProject
Project("{8BC9CEB8-8B4A-11D0-8D11-00A0C91BC942}") = "OpticonH16", "OpticonH16.vcproj", "{8CE97720-BD07-4B8C-AA08-5636AB1C8A6C}"
	ProjectSection(ProjectDependencies) = postProject
		{B6DC7204-DD8B-4A7B-995F-368B82F630DE} = {B6DC7204-DD8B-4A7B-995F-368B82F630DE}
	EndProjectSection
EndProject
Project("{8BC9CEB8-8B4A-11D0-8D11-00A0C91BC942}") = "Bematech", "Bematech.vcproj", "{7AEFE5EF-A494-4335-9F92-3ADCFD166702}"
	ProjectSection(ProjectDependencies) = postProject
		{B6DC7204-DD8B-4A7B-995F-368B82F630DE} = {B6DC7204-DD8B-4A7B-995F-368B82F630DE}
	EndProjectSection
EndProject
Global
	GlobalSection(SolutionConfigurationPlatforms) = preSolution
		Debug|Mixed Platforms = Debug|Mixed Platforms
		Debug|Pocket PC 2003 (ARMV4) = Debug|Pocket PC 2003 (ARMV4)
		Debug|Smartphone 2003 (ARMV4) = Debug|Smartphone 2003 (ARMV4)
		Debug|Win32 = Debug|Win32
		Debug|Windows CE 6 SDK (ARMV4I) = Debug|Windows CE 6 SDK (ARMV4I)
		Debug|Windows Mobile 5.0 Pocket PC SDK (ARMV4I) = Debug|Windows Mobile 5.0 Pocket PC SDK (ARMV4I)
		Debug|Windows Mobile 5.0 Smartphone SDK (ARMV4I) = Debug|Windows Mobile 5.0 Smartphone SDK (ARMV4I)
		Release|Mixed Platforms = Release|Mixed Platforms
		Release|Pocket PC 2003 (ARMV4) = Release|Pocket PC 2003 (ARMV4)
		Release|Smartphone 2003 (ARMV4) = Release|Smartphone 2003 (ARMV4)
		Release|Win32 = Release|Win32
		Release|Windows CE 6 SDK (ARMV4I) = Release|Windows CE 6 SDK (ARMV4I)
		Release|Windows Mobile 5.0 Pocket PC SDK (ARMV4I) = Release|Windows Mobile 5.0 Pocket PC SDK (ARMV4I)
		Release|Windows Mobile 5.0 Smartphone SDK (ARMV4I) = Release|Windows Mobile 5.0 Smartphone SDK (ARMV4I)
		TestSuite|Mixed Platforms = TestSuite|Mixed Platforms
		TestSuite|Pocket PC 2003 (ARMV4) = TestSuite|Pocket PC 2003 (ARMV4)
		TestSuite|Smartphone 2003 (ARMV4) = TestSuite|Smartphone 2003 (ARMV4)
		TestSuite|Win32 = TestSuite|Win32
		TestSuite|Windows CE 6 SDK (ARMV4I) = TestSuite|Windows CE 6 SDK (ARMV4I)
		TestSuite|Windows Mobile 5.0 Pocket PC SDK (ARMV4I) = TestSuite|Windows Mobile 5.0 Pocket PC SDK (ARMV4I)
		TestSuite|Windows Mobile 5.0 Smartphone SDK (ARMV4I) = TestSuite|Windows Mobile 5.0 Smartphone SDK (ARMV4I)
	EndGlobalSection
	GlobalSection(ProjectConfigurationPlatforms) = postSolution
		{2F43036B-C6DC-4596-B183-E16C18EACD30}.Debug|Mixed Platforms.ActiveCfg = Debug|Pocket PC 2003 (ARMV4)
		{2F43036B-C6DC-4596-B183-E16C18EACD30}.Debug|Mixed Platforms.Build.0 = Debug|Pocket PC 2003 (ARMV4)
		{2F43036B-C6DC-4596-B183-E16C18EACD30}.Debug|Mixed Platforms.Deploy.0 = Debug|Pocket PC 2003 (ARMV4)
		{2F43036B-C6DC-4596-B183-E16C18EACD30}.Debug|Pocket PC 2003 (ARMV4).ActiveCfg = Debug|Pocket PC 2003 (ARMV4)
		{2F43036B-C6DC-4596-B183-E16C18EACD30}.Debug|Pocket PC 2003 (ARMV4).Build.0 = Debug|Pocket PC 2003 (ARMV4)
		{2F43036B-C6DC-4596-B183-E16C18EACD30}.Debug|Pocket PC 2003 (ARMV4).Deploy.0 = Debug|Pocket PC 2003 (ARMV4)
		{2F43036B-C6DC-4596-B183-E16C18EACD30}.Debug|Smartphone 2003 (ARMV4).ActiveCfg = Debug|Pocket PC 2003 (ARMV4)
		{2F43036B-C6DC-4596-B183-E16C18EACD30}.Debug|Win32.ActiveCfg = Debug|Win32
		{2F43036B-C6DC-4596-B183-E16C18EACD30}.Debug|Win32.Build.0 = Debug|Win32
		{2F43036B-C6DC-4596-B183-E16C18EACD30}.Debug|Windows CE 6 SDK (ARMV4I).ActiveCfg = Debug|Win32
		{2F43036B-C6DC-4596-B183-E16C18EACD30}.Debug|Windows Mobile 5.0 Pocket PC SDK (ARMV4I).ActiveCfg = Debug|Win32
		{2F43036B-C6DC-4596-B183-E16C18EACD30}.Debug|Windows Mobile 5.0 Smartphone SDK (ARMV4I).ActiveCfg = Debug|Win32
		{2F43036B-C6DC-4596-B183-E16C18EACD30}.Release|Mixed Platforms.ActiveCfg = Release|Pocket PC 2003 (ARMV4)
		{2F43036B-C6DC-4596-B183-E16C18EACD30}.Release|Mixed Platforms.Build.0 = Release|Pocket PC 2003 (ARMV4)
		{2F43036B-C6DC-4596-B183-E16C18EACD30}.Release|Mixed Platforms.Deploy.0 = Release|Pocket PC 2003 (ARMV4)
		{2F43036B-C6DC-4596-B183-E16C18EACD30}.Release|Pocket PC 2003 (ARMV4).ActiveCfg = Release|Pocket PC 2003 (ARMV4)
		{2F43036B-C6DC-4596-B183-E16C18EACD30}.Release|Pocket PC 2003 (ARMV4).Build.0 = Release|Pocket PC 2003 (ARMV4)
		{2F43036B-C6DC-4596-B183-E16C18EACD30}.Release|Smartphone 2003 (ARMV4).ActiveCfg = Release|Pocket PC 2003 (ARMV4)
		{2F43036B-C6DC-4596-B183-E16C18EACD30}.Release|Win32.ActiveCfg = Release|Win32
		{2F43036B-C6DC-4596-B183-E16C18EACD30}.Release|Win32.Build.0 = Release|Win32
		{2F43036B-C6DC-4596-B183-E16C18EACD30}.Release|Windows CE 6 SDK (ARMV4I).ActiveCfg = Release|Win32
		{2F43036B-C6DC-4596-B183-E16C18EACD30}.Release|Windows Mobile 5.0 Pocket PC SDK (ARMV4I).ActiveCfg = Release|Win32
		{2F43036B-C6DC-4596-B183-E16C18EACD30}.Release|Windows Mobile 5.0 Smartphone SDK (ARMV4I).ActiveCfg = Release|Win32
		{2F43036B-C6DC-4596-B183-E16C18EACD30}.TestSuite|Mixed Platforms.ActiveCfg = TestSuite|Pocket PC 2003 (ARMV4)
		{2F43036B-C6DC-4596-B183-E16C18EACD30}.TestSuite|Mixed Platforms.Build.0 = TestSuite|Pocket PC 2003 (ARMV4)
		{2F43036B-C6DC-4596-B183-E16C18EACD30}.TestSuite|Mixed Platforms.Deploy.0 = TestSuite|Pocket PC 2003 (ARMV4)
		{2F43036B-C6DC-4596-B183-E16C18EACD30}.TestSuite|Pocket PC 2003 (ARMV4).ActiveCfg = Debug|Pocket PC 2003 (ARMV4)
		{2F43036B-C6DC-4596-B183-E16C18EACD30}.TestSuite|Pocket PC 2003 (ARMV4).Build.0 = Debug|Pocket PC 2003 (ARMV4)
		{2F43036B-C6DC-4596-B183-E16C18EACD30}.TestSuite|Smartphone 2003 (ARMV4).ActiveCfg = TestSuite|Pocket PC 2003 (ARMV4)
		{2F43036B-C6DC-4596-B183-E16C18EACD30}.TestSuite|Win32.ActiveCfg = TestSuite|Win32
		{2F43036B-C6DC-4596-B183-E16C18EACD30}.TestSuite|Windows CE 6 SDK (ARMV4I).ActiveCfg = TestSuite|Win32
		{2F43036B-C6DC-4596-B183-E16C18EACD30}.TestSuite|Windows Mobile 5.0 Pocket PC SDK (ARMV4I).ActiveCfg = TestSuite|Win32
		{2F43036B-C6DC-4596-B183-E16C18EACD30}.TestSuite|Windows Mobile 5.0 Smartphone SDK (ARMV4I).ActiveCfg = TestSuite|Win32
		{B6DC7204-DD8B-4A7B-995F-368B82F630DE}.Debug|Mixed Platforms.ActiveCfg = Debug|Pocket PC 2003 (ARMV4)
		{B6DC7204-DD8B-4A7B-995F-368B82F630DE}.Debug|Mixed Platforms.Build.0 = Debug|Pocket PC 2003 (ARMV4)
		{B6DC7204-DD8B-4A7B-995F-368B82F630DE}.Debug|Mixed Platforms.Deploy.0 = Debug|Pocket PC 2003 (ARMV4)
		{B6DC7204-DD8B-4A7B-995F-368B82F630DE}.Debug|Pocket PC 2003 (ARMV4).ActiveCfg = Debug|Pocket PC 2003 (ARMV4)
		{B6DC7204-DD8B-4A7B-995F-368B82F630DE}.Debug|Pocket PC 2003 (ARMV4).Build.0 = Debug|Pocket PC 2003 (ARMV4)
		{B6DC7204-DD8B-4A7B-995F-368B82F630DE}.Debug|Pocket PC 2003 (ARMV4).Deploy.0 = Debug|Pocket PC 2003 (ARMV4)
		{B6DC7204-DD8B-4A7B-995F-368B82F630DE}.Debug|Smartphone 2003 (ARMV4).ActiveCfg = Debug|Pocket PC 2003 (ARMV4)
		{B6DC7204-DD8B-4A7B-995F-368B82F630DE}.Debug|Win32.ActiveCfg = Debug|Win32
		{B6DC7204-DD8B-4A7B-995F-368B82F630DE}.Debug|Win32.Build.0 = Debug|Win32
		{B6DC7204-DD8B-4A7B-995F-368B82F630DE}.Debug|Windows CE 6 SDK (ARMV4I).ActiveCfg = Debug|Win32
		{B6DC7204-DD8B-4A7B-995F-368B82F630DE}.Debug|Windows Mobile 5.0 Pocket PC SDK (ARMV4I).ActiveCfg = Debug|Win32
		{B6DC7204-DD8B-4A7B-995F-368B82F630DE}.Debug|Windows Mobile 5.0 Smartphone SDK (ARMV4I).ActiveCfg = Debug|Win32
		{B6DC7204-DD8B-4A7B-995F-368B82F630DE}.Release|Mixed Platforms.ActiveCfg = Release|Pocket PC 2003 (ARMV4)
		{B6DC7204-DD8B-4A7B-995F-368B82F630DE}.Release|Mixed Platforms.Build.0 = Release|Pocket PC 2003 (ARMV4)
		{B6DC7204-DD8B-4A7B-995F-368B82F630DE}.Release|Mixed Platforms.Deploy.0 = Release|Pocket PC 2003 (ARMV4)
		{B6DC7204-DD8B-4A7B-995F-368B82F630DE}.Release|Pocket PC 2003 (ARMV4).ActiveCfg = Release|Pocket PC 2003 (ARMV4)
		{B6DC7204-DD8B-4A7B-995F-368B82F630DE}.Release|Pocket PC 2003 (ARMV4).Build.0 = Release|Pocket PC 2003 (ARMV4)
		{B6DC7204-DD8B-4A7B-995F-368B82F630DE}.Release|Pocket PC 2003 (ARMV4).Deploy.0 = Release|Pocket PC 2003 (ARMV4)
		{B6DC7204-DD8B-4A7B-995F-368B82F630DE}.Release|Smartphone 2003 (ARMV4).ActiveCfg = Release|Pocket PC 2003 (ARMV4)
		{B6DC7204-DD8B-4A7B-995F-368B82F630DE}.Release|Win32.ActiveCfg = Release|Win32
		{B6DC7204-DD8B-4A7B-995F-368B82F630DE}.Release|Win32.Build.0 = Release|Win32
		{B6DC7204-DD8B-4A7B-995F-368B82F630DE}.Release|Windows CE 6 SDK (ARMV4I).ActiveCfg = Release|Win32
		{B6DC7204-DD8B-4A7B-995F-368B82F630DE}.Release|Windows Mobile 5.0 Pocket PC SDK (ARMV4I).ActiveCfg = Release|Win32
		{B6DC7204-DD8B-4A7B-995F-368B82F630DE}.Release|Windows Mobile 5.0 Smartphone SDK (ARMV4I).ActiveCfg = Release|Win32
		{B6DC7204-DD8B-4A7B-995F-368B82F630DE}.TestSuite|Mixed Platforms.ActiveCfg = TestSuite|Pocket PC 2003 (ARMV4)
		{B6DC7204-DD8B-4A7B-995F-368B82F630DE}.TestSuite|Mixed Platforms.Build.0 = TestSuite|Pocket PC 2003 (ARMV4)
		{B6DC7204-DD8B-4A7B-995F-368B82F630DE}.TestSuite|Mixed Platforms.Deploy.0 = TestSuite|Pocket PC 2003 (ARMV4)
		{B6DC7204-DD8B-4A7B-995F-368B82F630DE}.TestSuite|Pocket PC 2003 (ARMV4).ActiveCfg = TestSuite|Pocket PC 2003 (ARMV4)
		{B6DC7204-DD8B-4A7B-995F-368B82F630DE}.TestSuite|Pocket PC 2003 (ARMV4).Build.0 = TestSuite|Pocket PC 2003 (ARMV4)
		{B6DC7204-DD8B-4A7B-995F-368B82F630DE}.TestSuite|Pocket PC 2003 (ARMV4).Deploy.0 = TestSuite|Pocket PC 2003 (ARMV4)
		{B6DC7204-DD8B-4A7B-995F-368B82F630DE}.TestSuite|Smartphone 2003 (ARMV4).ActiveCfg = TestSuite|Pocket PC 2003 (ARMV4)
		{B6DC7204-DD8B-4A7B-995F-368B82F630DE}.TestSuite|Win32.ActiveCfg = TestSuite|Win32
		{B6DC7204-DD8B-4A7B-995F-368B82F630DE}.TestSuite|Win32.Build.0 = TestSuite|Win32
		{B6DC7204-DD8B-4A7B-995F-368B82F630DE}.TestSuite|Windows CE 6 SDK (ARMV4I).ActiveCfg = TestSuite|Win32
		{B6DC7204-DD8B-4A7B-995F-368B82F630DE}.TestSuite|Windows Mobile 5.0 Pocket PC SDK (ARMV4I).ActiveCfg = TestSuite|Win32
		{B6DC7204-DD8B-4A7B-995F-368B82F630DE}.TestSuite|Windows Mobile 5.0 Smartphone SDK (ARMV4I).ActiveCfg = TestSuite|Win32
		{66EE456C-E926-4933-8F55-C2F572CE7444}.Debug|Mixed Platforms.ActiveCfg = Debug|Pocket PC 2003 (ARMV4)
		{66EE456C-E926-4933-8F55-C2F572CE7444}.Debug|Mixed Platforms.Build.0 = Debug|Pocket PC 2003 (ARMV4)
		{66EE456C-E926-4933-8F55-C2F572CE7444}.Debug|Mixed Platforms.Deploy.0 = Debug|Pocket PC 2003 (ARMV4)
		{66EE456C-E926-4933-8F55-C2F572CE7444}.Debug|Pocket PC 2003 (ARMV4).ActiveCfg = Debug|Pocket PC 2003 (ARMV4)
		{66EE456C-E926-4933-8F55-C2F572CE7444}.Debug|Pocket PC 2003 (ARMV4).Build.0 = Debug|Pocket PC 2003 (ARMV4)
		{66EE456C-E926-4933-8F55-C2F572CE7444}.Debug|Pocket PC 2003 (ARMV4).Deploy.0 = Debug|Pocket PC 2003 (ARMV4)
		{66EE456C-E926-4933-8F55-C2F572CE7444}.Debug|Smartphone 2003 (ARMV4).ActiveCfg = Debug|Pocket PC 2003 (ARMV4)
		{66EE456C-E926-4933-8F55-C2F572CE7444}.Debug|Win32.ActiveCfg = Debug|Win32
		{66EE456C-E926-4933-8F55-C2F572CE7444}.Debug|Win32.Build.0 = Debug|Win32
		{66EE456C-E926-4933-8F55-C2F572CE7444}.Debug|Windows CE 6 SDK (ARMV4I).ActiveCfg = Debug|Win32
		{66EE456C-E926-4933-8F55-C2F572CE7444}.Debug|Windows Mobile 5.0 Pocket PC SDK (ARMV4I).ActiveCfg = Debug|Win32
		{66EE456C-E926-4933-8F55-C2F572CE7444}.Debug|Windows Mobile 5.0 Smartphone SDK (ARMV4I).ActiveCfg = Debug|Win32
		{66EE456C-E926-4933-8F55-C2F572CE7444}.Release|Mixed Platforms.ActiveCfg = Release|Pocket PC 2003 (ARMV4)
		{66EE456C-E926-4933-8F55-C2F572CE7444}.Release|Mixed Platforms.Build.0 = Release|Pocket PC 2003 (ARMV4)
		{66EE456C-E926-4933-8F55-C2F572CE7444}.Release|Mixed Platforms.Deploy.0 = Release|Pocket PC 2003 (ARMV4)
		{66EE456C-E926-4933-8F55-C2F572CE7444}.Release|Pocket PC 2003 (ARMV4).ActiveCfg = Release|Pocket PC 2003 (ARMV4)
		{66EE456C-E926-4933-8F55-C2F572CE7444}.Release|Pocket PC 2003 (ARMV4).Build.0 = Release|Pocket PC 2003 (ARMV4)
		{66EE456C-E926-4933-8F55-C2F572CE7444}.Release|Pocket PC 2003 (ARMV4).Deploy.0 = Release|Pocket PC 2003 (ARMV4)
		{66EE456C-E926-4933-8F55-C2F572CE7444}.Release|Smartphone 2003 (ARMV4).ActiveCfg = Release|Pocket PC 2003 (ARMV4)
		{66EE456C-E926-4933-8F55-C2F572CE7444}.Release|Win32.ActiveCfg = Release|Win32
		{66EE456C-E926-4933-8F55-C2F572CE7444}.Release|Win32.Build.0 = Release|Win32
		{66EE456C-E926-4933-8F55-C2F572CE7444}.Release|Windows CE 6 SDK (ARMV4I).ActiveCfg = Release|Win32
		{66EE456C-E926-4933-8F55-C2F572CE7444}.Release|Windows Mobile 5.0 Pocket PC SDK (ARMV4I).ActiveCfg = Release|Win32
		{66EE456C-E926-4933-8F55-C2F572CE7444}.Release|Windows Mobile 5.0 Smartphone SDK (ARMV4I).ActiveCfg = Release|Win32
		{66EE456C-E926-4933-8F55-C2F572CE7444}.TestSuite|Mixed Platforms.ActiveCfg = TestSuite|Pocket PC 2003 (ARMV4)
		{66EE456C-E926-4933-8F55-C2F572CE7444}.TestSuite|Mixed Platforms.Build.0 = TestSuite|Pocket PC 2003 (ARMV4)
		{66EE456C-E926-4933-8F55-C2F572CE7444}.TestSuite|Mixed Platforms.Deploy.0 = TestSuite|Pocket PC 2003 (ARMV4)
		{66EE456C-E926-4933-8F55-C2F572CE7444}.TestSuite|Pocket PC 2003 (ARMV4).ActiveCfg = TestSuite|Pocket PC 2003 (ARMV4)
		{66EE456C-E926-4933-8F55-C2F572CE7444}.TestSuite|Pocket PC 2003 (ARMV4).Build.0 = TestSuite|Pocket PC 2003 (ARMV4)
		{66EE456C-E926-4933-8F55-C2F572CE7444}.TestSuite|Pocket PC 2003 (ARMV4).Deploy.0 = TestSuite|Pocket PC 2003 (ARMV4)
		{66EE456C-E926-4933-8F55-C2F572CE7444}.TestSuite|Smartphone 2003 (ARMV4).ActiveCfg = TestSuite|Pocket PC 2003 (ARMV4)
		{66EE456C-E926-4933-8F55-C2F572CE7444}.TestSuite|Win32.ActiveCfg = TestSuite|Win32
		{66EE456C-E926-4933-8F55-C2F572CE7444}.TestSuite|Win32.Build.0 = TestSuite|Win32
		{66EE456C-E926-4933-8F55-C2F572CE7444}.TestSuite|Windows CE 6 SDK (ARMV4I).ActiveCfg = TestSuite|Win32
		{66EE456C-E926-4933-8F55-C2F572CE7444}.TestSuite|Windows Mobile 5.0 Pocket PC SDK (ARMV4I).ActiveCfg = TestSuite|Win32
		{66EE456C-E926-4933-8F55-C2F572CE7444}.TestSuite|Windows Mobile 5.0 Smartphone SDK (ARMV4I).ActiveCfg = TestSuite|Win32
		{46D32E55-2F3C-48E1-9E52-2A88C0AE7817}.Debug|Mixed Platforms.ActiveCfg = Debug|Win32
		{46D32E55-2F3C-48E1-9E52-2A88C0AE7817}.Debug|Mixed Platforms.Build.0 = Debug|Win32
		{46D32E55-2F3C-48E1-9E52-2A88C0AE7817}.Debug|Pocket PC 2003 (ARMV4).ActiveCfg = Debug|Win32
		{46D32E55-2F3C-48E1-9E52-2A88C0AE7817}.Debug|Smartphone 2003 (ARMV4).ActiveCfg = Debug|Win32
		{46D32E55-2F3C-48E1-9E52-2A88C0AE7817}.Debug|Win32.ActiveCfg = Debug|Win32
		{46D32E55-2F3C-48E1-9E52-2A88C0AE7817}.Debug|Windows CE 6 SDK (ARMV4I).ActiveCfg = Debug|Win32
		{46D32E55-2F3C-48E1-9E52-2A88C0AE7817}.Debug|Windows Mobile 5.0 Pocket PC SDK (ARMV4I).ActiveCfg = Debug|Win32
		{46D32E55-2F3C-48E1-9E52-2A88C0AE7817}.Debug|Windows Mobile 5.0 Smartphone SDK (ARMV4I).ActiveCfg = Debug|Win32
		{46D32E55-2F3C-48E1-9E52-2A88C0AE7817}.Release|Mixed Platforms.ActiveCfg = Release|Win32
		{46D32E55-2F3C-48E1-9E52-2A88C0AE7817}.Release|Mixed Platforms.Build.0 = Release|Win32
		{46D32E55-2F3C-48E1-9E52-2A88C0AE7817}.Release|Pocket PC 2003 (ARMV4).ActiveCfg = Release|Win32
		{46D32E55-2F3C-48E1-9E52-2A88C0AE7817}.Release|Smartphone 2003 (ARMV4).ActiveCfg = Release|Win32
		{46D32E55-2F3C-48E1-9E52-2A88C0AE7817}.Release|Win32.ActiveCfg = Release|Win32
		{46D32E55-2F3C-48E1-9E52-2A88C0AE7817}.Release|Windows CE 6 SDK (ARMV4I).ActiveCfg = Release|Win32
		{46D32E55-2F3C-48E1-9E52-2A88C0AE7817}.Release|Windows Mobile 5.0 Pocket PC SDK (ARMV4I).ActiveCfg = Release|Win32
		{46D32E55-2F3C-48E1-9E52-2A88C0AE7817}.Release|Windows Mobile 5.0 Smartphone SDK (ARMV4I).ActiveCfg = Release|Win32
		{46D32E55-2F3C-48E1-9E52-2A88C0AE7817}.TestSuite|Mixed Platforms.ActiveCfg = TestSuite|Win32
		{46D32E55-2F3C-48E1-9E52-2A88C0AE7817}.TestSuite|Mixed Platforms.Build.0 = TestSuite|Win32
		{46D32E55-2F3C-48E1-9E52-2A88C0AE7817}.TestSuite|Pocket PC 2003 (ARMV4).ActiveCfg = TestSuite|Win32
		{46D32E55-2F3C-48E1-9E52-2A88C0AE7817}.TestSuite|Smartphone 2003 (ARMV4).ActiveCfg = TestSuite|Win32
		{46D32E55-2F3C-48E1-9E52-2A88C0AE7817}.TestSuite|Win32.ActiveCfg = TestSuite|Win32
		{46D32E55-2F3C-48E1-9E52-2A88C0AE7817}.TestSuite|Windows CE 6 SDK (ARMV4I).ActiveCfg = TestSuite|Win32
		{46D32E55-2F3C-48E1-9E52-2A88C0AE7817}.TestSuite|Windows Mobile 5.0 Pocket PC SDK (ARMV4I).ActiveCfg = TestSuite|Win32
		{46D32E55-2F3C-48E1-9E52-2A88C0AE7817}.TestSuite|Windows Mobile 5.0 Smartphone SDK (ARMV4I).ActiveCfg = TestSuite|Win32
		{D1355C45-F5BE-4BDF-A876-BCB63819F02A}.Debug|Mixed Platforms.ActiveCfg = Debug|Pocket PC 2003 (ARMV4)
		{D1355C45-F5BE-4BDF-A876-BCB63819F02A}.Debug|Mixed Platforms.Build.0 = Debug|Pocket PC 2003 (ARMV4)
		{D1355C45-F5BE-4BDF-A876-BCB63819F02A}.Debug|Mixed Platforms.Deploy.0 = Debug|Pocket PC 2003 (ARMV4)
		{D1355C45-F5BE-4BDF-A876-BCB63819F02A}.Debug|Pocket PC 2003 (ARMV4).ActiveCfg = Debug|Pocket PC 2003 (ARMV4)
		{D1355C45-F5BE-4BDF-A876-BCB63819F02A}.Debug|Pocket PC 2003 (ARMV4).Build.0 = Debug|Pocket PC 2003 (ARMV4)
		{D1355C45-F5BE-4BDF-A876-BCB63819F02A}.Debug|Pocket PC 2003 (ARMV4).Deploy.0 = Debug|Pocket PC 2003 (ARMV4)
		{D1355C45-F5BE-4BDF-A876-BCB63819F02A}.Debug|Smartphone 2003 (ARMV4).ActiveCfg = Debug|Pocket PC 2003 (ARMV4)
		{D1355C45-F5BE-4BDF-A876-BCB63819F02A}.Debug|Win32.ActiveCfg = Debug|Pocket PC 2003 (ARMV4)
		{D1355C45-F5BE-4BDF-A876-BCB63819F02A}.Debug|Windows CE 6 SDK (ARMV4I).ActiveCfg = Debug|Pocket PC 2003 (ARMV4)
		{D1355C45-F5BE-4BDF-A876-BCB63819F02A}.Debug|Windows Mobile 5.0 Pocket PC SDK (ARMV4I).ActiveCfg = Debug|Pocket PC 2003 (ARMV4)
		{D1355C45-F5BE-4BDF-A876-BCB63819F02A}.Debug|Windows Mobile 5.0 Smartphone SDK (ARMV4I).ActiveCfg = Debug|Pocket PC 2003 (ARMV4)
		{D1355C45-F5BE-4BDF-A876-BCB63819F02A}.Release|Mixed Platforms.ActiveCfg = Release|Pocket PC 2003 (ARMV4)
		{D1355C45-F5BE-4BDF-A876-BCB63819F02A}.Release|Mixed Platforms.Build.0 = Release|Pocket PC 2003 (ARMV4)
		{D1355C45-F5BE-4BDF-A876-BCB63819F02A}.Release|Mixed Platforms.Deploy.0 = Release|Pocket PC 2003 (ARMV4)
		{D1355C45-F5BE-4BDF-A876-BCB63819F02A}.Release|Pocket PC 2003 (ARMV4).ActiveCfg = Release|Pocket PC 2003 (ARMV4)
		{D1355C45-F5BE-4BDF-A876-BCB63819F02A}.Release|Pocket PC 2003 (ARMV4).Build.0 = Release|Pocket PC 2003 (ARMV4)
		{D1355C45-F5BE-4BDF-A876-BCB63819F02A}.Release|Pocket PC 2003 (ARMV4).Deploy.0 = Release|Pocket PC 2003 (ARMV4)
		{D1355C45-F5BE-4BDF-A876-BCB63819F02A}.Release|Smartphone 2003 (ARMV4).ActiveCfg = Release|Pocket PC 2003 (ARMV4)
		{D1355C45-F5BE-4BDF-A876-BCB63819F02A}.Release|Win32.ActiveCfg = Release|Pocket PC 2003 (ARMV4)
		{D1355C45-F5BE-4BDF-A876-BCB63819F02A}.Release|Windows CE 6 SDK (ARMV4I).ActiveCfg = Release|Pocket PC 2003 (ARMV4)
		{D1355C45-F5BE-4BDF-A876-BCB63819F02A}.Release|Windows Mobile 5.0 Pocket PC SDK (ARMV4I).ActiveCfg = Release|Pocket PC 2003 (ARMV4)
		{D1355C45-F5BE-4BDF-A876-BCB63819F02A}.Release|Windows Mobile 5.0 Smartphone SDK (ARMV4I).ActiveCfg = Release|Pocket PC 2003 (ARMV4)
		{D1355C45-F5BE-4BDF-A876-BCB63819F02A}.TestSuite|Mixed Platforms.ActiveCfg = Release|Pocket PC 2003 (ARMV4)
		{D1355C45-F5BE-4BDF-A876-BCB63819F02A}.TestSuite|Mixed Platforms.Build.0 = Release|Pocket PC 2003 (ARMV4)
		{D1355C45-F5BE-4BDF-A876-BCB63819F02A}.TestSuite|Mixed Platforms.Deploy.0 = Release|Pocket PC 2003 (ARMV4)
		{D1355C45-F5BE-4BDF-A876-BCB63819F02A}.TestSuite|Pocket PC 2003 (ARMV4).ActiveCfg = Release|Pocket PC 2003 (ARMV4)
		{D1355C45-F5BE-4BDF-A876-BCB63819F02A}.TestSuite|Pocket PC 2003 (ARMV4).Build.0 = Release|Pocket PC 2003 (ARMV4)
		{D1355C45-F5BE-4BDF-A876-BCB63819F02A}.TestSuite|Pocket PC 2003 (ARMV4).Deploy.0 = Release|Pocket PC 2003 (ARMV4)
		{D1355C45-F5BE-4BDF-A876-BCB63819F02A}.TestSuite|Smartphone 2003 (ARMV4).ActiveCfg = Release|Pocket PC 2003 (ARMV4)
		{D1355C45-F5BE-4BDF-A876-BCB63819F02A}.TestSuite|Win32.ActiveCfg = Release|Pocket PC 2003 (ARMV4)
		{D1355C45-F5BE-4BDF-A876-BCB63819F02A}.TestSuite|Windows CE 6 SDK (ARMV4I).ActiveCfg = Release|Pocket PC 2003 (ARMV4)
		{D1355C45-F5BE-4BDF-A876-BCB63819F02A}.TestSuite|Windows Mobile 5.0 Pocket PC SDK (ARMV4I).ActiveCfg = Release|Pocket PC 2003 (ARMV4)
		{D1355C45-F5BE-4BDF-A876-BCB63819F02A}.TestSuite|Windows Mobile 5.0 Smartphone SDK (ARMV4I).ActiveCfg = Release|Pocket PC 2003 (ARMV4)
		{1407A4CD-4F45-41E9-A2DB-38B6BC6A6CA8}.Debug|Mixed Platforms.ActiveCfg = Debug|Pocket PC 2003 (ARMV4)
		{1407A4CD-4F45-41E9-A2DB-38B6BC6A6CA8}.Debug|Mixed Platforms.Build.0 = Debug|Pocket PC 2003 (ARMV4)
		{1407A4CD-4F45-41E9-A2DB-38B6BC6A6CA8}.Debug|Mixed Platforms.Deploy.0 = Debug|Pocket PC 2003 (ARMV4)
		{1407A4CD-4F45-41E9-A2DB-38B6BC6A6CA8}.Debug|Pocket PC 2003 (ARMV4).ActiveCfg = Debug|Pocket PC 2003 (ARMV4)
		{1407A4CD-4F45-41E9-A2DB-38B6BC6A6CA8}.Debug|Pocket PC 2003 (ARMV4).Build.0 = Debug|Pocket PC 2003 (ARMV4)
		{1407A4CD-4F45-41E9-A2DB-38B6BC6A6CA8}.Debug|Pocket PC 2003 (ARMV4).Deploy.0 = Debug|Pocket PC 2003 (ARMV4)
		{1407A4CD-4F45-41E9-A2DB-38B6BC6A6CA8}.Debug|Smartphone 2003 (ARMV4).ActiveCfg = Debug|Pocket PC 2003 (ARMV4)
		{1407A4CD-4F45-41E9-A2DB-38B6BC6A6CA8}.Debug|Win32.ActiveCfg = Debug|Pocket PC 2003 (ARMV4)
		{1407A4CD-4F45-41E9-A2DB-38B6BC6A6CA8}.Debug|Windows CE 6 SDK (ARMV4I).ActiveCfg = Debug|Pocket PC 2003 (ARMV4)
		{1407A4CD-4F45-41E9-A2DB-38B6BC6A6CA8}.Debug|Windows Mobile 5.0 Pocket PC SDK (ARMV4I).ActiveCfg = Debug|Pocket PC 2003 (ARMV4)
		{1407A4CD-4F45-41E9-A2DB-38B6BC6A6CA8}.Debug|Windows Mobile 5.0 Smartphone SDK (ARMV4I).ActiveCfg = Debug|Pocket PC 2003 (ARMV4)
		{1407A4CD-4F45-41E9-A2DB-38B6BC6A6CA8}.Release|Mixed Platforms.ActiveCfg = Release|Pocket PC 2003 (ARMV4)
		{1407A4CD-4F45-41E9-A2DB-38B6BC6A6CA8}.Release|Mixed Platforms.Build.0 = Release|Pocket PC 2003 (ARMV4)
		{1407A4CD-4F45-41E9-A2DB-38B6BC6A6CA8}.Release|Mixed Platforms.Deploy.0 = Release|Pocket PC 2003 (ARMV4)
		{1407A4CD-4F45-41E9-A2DB-38B6BC6A6CA8}.Release|Pocket PC 2003 (ARMV4).ActiveCfg = Release|Pocket PC 2003 (ARMV4)
		{1407A4CD-4F45-41E9-A2DB-38B6BC6A6CA8}.Release|Pocket PC 2003 (ARMV4).Build.0 = Release|Pocket PC 2003 (ARMV4)
		{1407A4CD-4F45-41E9-A2DB-38B6BC6A6CA8}.Release|Pocket PC 2003 (ARMV4).Deploy.0 = Release|Pocket PC 2003 (ARMV4)
		{1407A4CD-4F45-41E9-A2DB-38B6BC6A6CA8}.Release|Smartphone 2003 (ARMV4).ActiveCfg = Release|Pocket PC 2003 (ARMV4)
		{1407A4CD-4F45-41E9-A2DB-38B6BC6A6CA8}.Release|Win32.ActiveCfg = Release|Pocket PC 2003 (ARMV4)
		{1407A4CD-4F45-41E9-A2DB-38B6BC6A6CA8}.Release|Windows CE 6 SDK (ARMV4I).ActiveCfg = Release|Pocket PC 2003 (ARMV4)
		{1407A4CD-4F45-41E9-A2DB-38B6BC6A6CA8}.Release|Windows Mobile 5.0 Pocket PC SDK (ARMV4I).ActiveCfg = Release|Pocket PC 2003 (ARMV4)
		{1407A4CD-4F45-41E9-A2DB-38B6BC6A6CA8}.Release|Windows Mobile 5.0 Smartphone SDK (ARMV4I).ActiveCfg = Release|Pocket PC 2003 (ARMV4)
		{1407A4CD-4F45-41E9-A2DB-38B6BC6A6CA8}.TestSuite|Mixed Platforms.ActiveCfg = Release|Pocket PC 2003 (ARMV4)
		{1407A4CD-4F45-41E9-A2DB-38B6BC6A6CA8}.TestSuite|Mixed Platforms.Build.0 = Release|Pocket PC 2003 (ARMV4)
		{1407A4CD-4F45-41E9-A2DB-38B6BC6A6CA8}.TestSuite|Mixed Platforms.Deploy.0 = Release|Pocket PC 2003 (ARMV4)
		{1407A4CD-4F45-41E9-A2DB-38B6BC6A6CA8}.TestSuite|Pocket PC 2003 (ARMV4).ActiveCfg = Release|Pocket PC 2003 (ARMV4)
		{1407A4CD-4F45-41E9-A2DB-38B6BC6A6CA8}.TestSuite|Pocket PC 2003 (ARMV4).Build.0 = Release|Pocket PC 2003 (ARMV4)
		{1407A4CD-4F45-41E9-A2DB-38B6BC6A6CA8}.TestSuite|Pocket PC 2003 (ARMV4).Deploy.0 = Release|Pocket PC 2003 (ARMV4)
		{1407A4CD-4F45-41E9-A2DB-38B6BC6A6CA8}.TestSuite|Smartphone 2003 (ARMV4).ActiveCfg = Release|Pocket PC 2003 (ARMV4)
		{1407A4CD-4F45-41E9-A2DB-38B6BC6A6CA8}.TestSuite|Win32.ActiveCfg = Release|Pocket PC 2003 (ARMV4)
		{1407A4CD-4F45-41E9-A2DB-38B6BC6A6CA8}.TestSuite|Windows CE 6 SDK (ARMV4I).ActiveCfg = Release|Pocket PC 2003 (ARMV4)
		{1407A4CD-4F45-41E9-A2DB-38B6BC6A6CA8}.TestSuite|Windows Mobile 5.0 Pocket PC SDK (ARMV4I).ActiveCfg = Release|Pocket PC 2003 (ARMV4)
		{1407A4CD-4F45-41E9-A2DB-38B6BC6A6CA8}.TestSuite|Windows Mobile 5.0 Smartphone SDK (ARMV4I).ActiveCfg = Release|Pocket PC 2003 (ARMV4)
		{3804F950-2D5E-46CB-8BD9-5DBB7C0437BA}.Debug|Mixed Platforms.ActiveCfg = Debug|Pocket PC 2003 (ARMV4)
		{3804F950-2D5E-46CB-8BD9-5DBB7C0437BA}.Debug|Mixed Platforms.Build.0 = Debug|Pocket PC 2003 (ARMV4)
		{3804F950-2D5E-46CB-8BD9-5DBB7C0437BA}.Debug|Mixed Platforms.Deploy.0 = Debug|Pocket PC 2003 (ARMV4)
		{3804F950-2D5E-46CB-8BD9-5DBB7C0437BA}.Debug|Pocket PC 2003 (ARMV4).ActiveCfg = Debug|Pocket PC 2003 (ARMV4)
		{3804F950-2D5E-46CB-8BD9-5DBB7C0437BA}.Debug|Pocket PC 2003 (ARMV4).Build.0 = Debug|Pocket PC 2003 (ARMV4)
		{3804F950-2D5E-46CB-8BD9-5DBB7C0437BA}.Debug|Pocket PC 2003 (ARMV4).Deploy.0 = Debug|Pocket PC 2003 (ARMV4)
		{3804F950-2D5E-46CB-8BD9-5DBB7C0437BA}.Debug|Smartphone 2003 (ARMV4).ActiveCfg = Debug|Pocket PC 2003 (ARMV4)
		{3804F950-2D5E-46CB-8BD9-5DBB7C0437BA}.Debug|Win32.ActiveCfg = Debug|Pocket PC 2003 (ARMV4)
		{3804F950-2D5E-46CB-8BD9-5DBB7C0437BA}.Debug|Windows CE 6 SDK (ARMV4I).ActiveCfg = Debug|Pocket PC 2003 (ARMV4)
		{3804F950-2D5E-46CB-8BD9-5DBB7C0437BA}.Debug|Windows Mobile 5.0 Pocket PC SDK (ARMV4I).ActiveCfg = Debug|Pocket PC 2003 (ARMV4)
		{3804F950-2D5E-46CB-8BD9-5DBB7C0437BA}.Debug|Windows Mobile 5.0 Smartphone SDK (ARMV4I).ActiveCfg = Debug|Pocket PC 2003 (ARMV4)
		{3804F950-2D5E-46CB-8BD9-5DBB7C0437BA}.Release|Mixed Platforms.ActiveCfg = Release|Pocket PC 2003 (ARMV4)
		{3804F950-2D5E-46CB-8BD9-5DBB7C0437BA}.Release|Mixed Platforms.Build.0 = Release|Pocket PC 2003 (ARMV4)
		{3804F950-2D5E-46CB-8BD9-5DBB7C0437BA}.Release|Mixed Platforms.Deploy.0 = Release|Pocket PC 2003 (ARMV4)
		{3804F950-2D5E-46CB-8BD9-5DBB7C0437BA}.Release|Pocket PC 2003 (ARMV4).ActiveCfg = Release|Pocket PC 2003 (ARMV4)
		{3804F950-2D5E-46CB-8BD9-5DBB7C0437BA}.Release|Pocket PC 2003 (ARMV4).Build.0 = Release|Pocket PC 2003 (ARMV4)
		{3804F950-2D5E-46CB-8BD9-5DBB7C0437BA}.Release|Pocket PC 2003 (ARMV4).Deploy.0 = Release|Pocket PC 2003 (ARMV4)
		{3804F950-2D5E-46CB-8BD9-5DBB7C0437BA}.Release|Smartphone 2003 (ARMV4).ActiveCfg = Release|Pocket PC 2003 (ARMV4)
		{3804F950-2D5E-46CB-8BD9-5DBB7C0437BA}.Release|Win32.ActiveCfg = Release|Pocket PC 2003 (ARMV4)
		{3804F950-2D5E-46CB-8BD9-5DBB7C0437BA}.Release|Windows CE 6 SDK (ARMV4I).ActiveCfg = Release|Pocket PC 2003 (ARMV4)
		{3804F950-2D5E-46CB-8BD9-5DBB7C0437BA}.Release|Windows Mobile 5.0 Pocket PC SDK (ARMV4I).ActiveCfg = Release|Pocket PC 2003 (ARMV4)
		{3804F950-2D5E-46CB-8BD9-5DBB7C0437BA}.Release|Windows Mobile 5.0 Smartphone SDK (ARMV4I).ActiveCfg = Release|Pocket PC 2003 (ARMV4)
		{3804F950-2D5E-46CB-8BD9-5DBB7C0437BA}.TestSuite|Mixed Platforms.ActiveCfg = Release|Pocket PC 2003 (ARMV4)
		{3804F950-2D5E-46CB-8BD9-5DBB7C0437BA}.TestSuite|Mixed Platforms.Build.0 = Release|Pocket PC 2003 (ARMV4)
		{3804F950-2D5E-46CB-8BD9-5DBB7C0437BA}.TestSuite|Mixed Platforms.Deploy.0 = Release|Pocket PC 2003 (ARMV4)
		{3804F950-2D5E-46CB-8BD9-5DBB7C0437BA}.TestSuite|Pocket PC 2003 (ARMV4).ActiveCfg = Release|Pocket PC 2003 (ARMV4)
		{3804F950-2D5E-46CB-8BD9-5DBB7C0437BA}.TestSuite|Pocket PC 2003 (ARMV4).Build.0 = Release|Pocket PC 2003 (ARMV4)
		{3804F950-2D5E-46CB-8BD9-5DBB7C0437BA}.TestSuite|Pocket PC 2003 (ARMV4).Deploy.0 = Release|Pocket PC 2003 (ARMV4)
		{3804F950-2D5E-46CB-8BD9-5DBB7C0437BA}.TestSuite|Smartphone 2003 (ARMV4).ActiveCfg = Release|Pocket PC 2003 (ARMV4)
		{3804F950-2D5E-46CB-8BD9-5DBB7C0437BA}.TestSuite|Win32.ActiveCfg = Release|Pocket PC 2003 (ARMV4)
		{3804F950-2D5E-46CB-8BD9-5DBB7C0437BA}.TestSuite|Windows CE 6 SDK (ARMV4I).ActiveCfg = Release|Pocket PC 2003 (ARMV4)
		{3804F950-2D5E-46CB-8BD9-5DBB7C0437BA}.TestSuite|Windows Mobile 5.0 Pocket PC SDK (ARMV4I).ActiveCfg = Release|Pocket PC 2003 (ARMV4)
		{3804F950-2D5E-46CB-8BD9-5DBB7C0437BA}.TestSuite|Windows Mobile 5.0 Smartphone SDK (ARMV4I).ActiveCfg = Release|Pocket PC 2003 (ARMV4)
		{2FA90BFC-ACFD-49FE-8589-EAA892EE0098}.Debug|Mixed Platforms.ActiveCfg = Debug|Pocket PC 2003 (ARMV4)
		{2FA90BFC-ACFD-49FE-8589-EAA892EE0098}.Debug|Mixed Platforms.Build.0 = Debug|Pocket PC 2003 (ARMV4)
		{2FA90BFC-ACFD-49FE-8589-EAA892EE0098}.Debug|Mixed Platforms.Deploy.0 = Debug|Pocket PC 2003 (ARMV4)
		{2FA90BFC-ACFD-49FE-8589-EAA892EE0098}.Debug|Pocket PC 2003 (ARMV4).ActiveCfg = Debug|Pocket PC 2003 (ARMV4)
		{2FA90BFC-ACFD-49FE-8589-EAA892EE0098}.Debug|Pocket PC 2003 (ARMV4).Build.0 = Debug|Pocket PC 2003 (ARMV4)
		{2FA90BFC-ACFD-49FE-8589-EAA892EE0098}.Debug|Pocket PC 2003 (ARMV4).Deploy.0 = Debug|Pocket PC 2003 (ARMV4)
		{2FA90BFC-ACFD-49FE-8589-EAA892EE0098}.Debug|Smartphone 2003 (ARMV4).ActiveCfg = Debug|Pocket PC 2003 (ARMV4)
		{2FA90BFC-ACFD-49FE-8589-EAA892EE0098}.Debug|Win32.ActiveCfg = Debug|Pocket PC 2003 (ARMV4)
		{2FA90BFC-ACFD-49FE-8589-EAA892EE0098}.Debug|Windows CE 6 SDK (ARMV4I).ActiveCfg = Debug|Pocket PC 2003 (ARMV4)
		{2FA90BFC-ACFD-49FE-8589-EAA892EE0098}.Debug|Windows Mobile 5.0 Pocket PC SDK (ARMV4I).ActiveCfg = Debug|Pocket PC 2003 (ARMV4)
		{2FA90BFC-ACFD-49FE-8589-EAA892EE0098}.Debug|Windows Mobile 5.0 Smartphone SDK (ARMV4I).ActiveCfg = Debug|Pocket PC 2003 (ARMV4)
		{2FA90BFC-ACFD-49FE-8589-EAA892EE0098}.Release|Mixed Platforms.ActiveCfg = Release|Pocket PC 2003 (ARMV4)
		{2FA90BFC-ACFD-49FE-8589-EAA892EE0098}.Release|Mixed Platforms.Build.0 = Release|Pocket PC 2003 (ARMV4)
		{2FA90BFC-ACFD-49FE-8589-EAA892EE0098}.Release|Mixed Platforms.Deploy.0 = Release|Pocket PC 2003 (ARMV4)
		{2FA90BFC-ACFD-49FE-8589-EAA892EE0098}.Release|Pocket PC 2003 (ARMV4).ActiveCfg = Release|Pocket PC 2003 (ARMV4)
		{2FA90BFC-ACFD-49FE-8589-EAA892EE0098}.Release|Pocket PC 2003 (ARMV4).Build.0 = Release|Pocket PC 2003 (ARMV4)
		{2FA90BFC-ACFD-49FE-8589-EAA892EE0098}.Release|Pocket PC 2003 (ARMV4).Deploy.0 = Release|Pocket PC 2003 (ARMV4)
		{2FA90BFC-ACFD-49FE-8589-EAA892EE0098}.Release|Smartphone 2003 (ARMV4).ActiveCfg = Release|Pocket PC 2003 (ARMV4)
		{2FA90BFC-ACFD-49FE-8589-EAA892EE0098}.Release|Win32.ActiveCfg = Release|Pocket PC 2003 (ARMV4)
		{2FA90BFC-ACFD-49FE-8589-EAA892EE0098}.Release|Windows CE 6 SDK (ARMV4I).ActiveCfg = Release|Pocket PC 2003 (ARMV4)
		{2FA90BFC-ACFD-49FE-8589-EAA892EE0098}.Release|Windows Mobile 5.0 Pocket PC SDK (ARMV4I).ActiveCfg = Release|Pocket PC 2003 (ARMV4)
		{2FA90BFC-ACFD-49FE-8589-EAA892EE0098}.Release|Windows Mobile 5.0 Smartphone SDK (ARMV4I).ActiveCfg = Release|Pocket PC 2003 (ARMV4)
		{2FA90BFC-ACFD-49FE-8589-EAA892EE0098}.TestSuite|Mixed Platforms.ActiveCfg = Release|Pocket PC 2003 (ARMV4)
		{2FA90BFC-ACFD-49FE-8589-EAA892EE0098}.TestSuite|Mixed Platforms.Build.0 = Release|Pocket PC 2003 (ARMV4)
		{2FA90BFC-ACFD-49FE-8589-EAA892EE0098}.TestSuite|Mixed Platforms.Deploy.0 = Release|Pocket PC 2003 (ARMV4)
		{2FA90BFC-ACFD-49FE-8589-EAA892EE0098}.TestSuite|Pocket PC 2003 (ARMV4).ActiveCfg = Release|Pocket PC 2003 (ARMV4)
		{2FA90BFC-ACFD-49FE-8589-EAA892EE0098}.TestSuite|Pocket PC 2003 (ARMV4).Build.0 = Release|Pocket PC 2003 (ARMV4)
		{2FA90BFC-ACFD-49FE-8589-EAA892EE0098}.TestSuite|Pocket PC 2003 (ARMV4).Deploy.0 = Release|Pocket PC 2003 (ARMV4)
		{2FA90BFC-ACFD-49FE-8589-EAA892EE0098}.TestSuite|Smartphone 2003 (ARMV4).ActiveCfg = Release|Pocket PC 2003 (ARMV4)
		{2FA90BFC-ACFD-49FE-8589-EAA892EE0098}.TestSuite|Win32.ActiveCfg = Release|Pocket PC 2003 (ARMV4)
		{2FA90BFC-ACFD-49FE-8589-EAA892EE0098}.TestSuite|Windows CE 6 SDK (ARMV4I).ActiveCfg = Release|Pocket PC 2003 (ARMV4)
		{2FA90BFC-ACFD-49FE-8589-EAA892EE0098}.TestSuite|Windows Mobile 5.0 Pocket PC SDK (ARMV4I).ActiveCfg = Release|Pocket PC 2003 (ARMV4)
		{2FA90BFC-ACFD-49FE-8589-EAA892EE0098}.TestSuite|Windows Mobile 5.0 Smartphone SDK (ARMV4I).ActiveCfg = Release|Pocket PC 2003 (ARMV4)
		{BBF7EF0C-384D-407D-ABC3-454B0036972B}.Debug|Mixed Platforms.ActiveCfg = Debug
		{BBF7EF0C-384D-407D-ABC3-454B0036972B}.Debug|Mixed Platforms.Build.0 = Debug
		{BBF7EF0C-384D-407D-ABC3-454B0036972B}.Debug|Pocket PC 2003 (ARMV4).ActiveCfg = Debug
		{BBF7EF0C-384D-407D-ABC3-454B0036972B}.Debug|Pocket PC 2003 (ARMV4).Build.0 = Debug
		{BBF7EF0C-384D-407D-ABC3-454B0036972B}.Debug|Smartphone 2003 (ARMV4).ActiveCfg = Debug
		{BBF7EF0C-384D-407D-ABC3-454B0036972B}.Debug|Win32.ActiveCfg = Debug
		{BBF7EF0C-384D-407D-ABC3-454B0036972B}.Debug|Windows CE 6 SDK (ARMV4I).ActiveCfg = Debug
		{BBF7EF0C-384D-407D-ABC3-454B0036972B}.Debug|Windows Mobile 5.0 Pocket PC SDK (ARMV4I).ActiveCfg = Debug
		{BBF7EF0C-384D-407D-ABC3-454B0036972B}.Debug|Windows Mobile 5.0 Pocket PC SDK (ARMV4I).Build.0 = Debug
		{BBF7EF0C-384D-407D-ABC3-454B0036972B}.Debug|Windows Mobile 5.0 Smartphone SDK (ARMV4I).ActiveCfg = Debug
		{BBF7EF0C-384D-407D-ABC3-454B0036972B}.Debug|Windows Mobile 5.0 Smartphone SDK (ARMV4I).Build.0 = Debug
		{BBF7EF0C-384D-407D-ABC3-454B0036972B}.Release|Mixed Platforms.ActiveCfg = Release
		{BBF7EF0C-384D-407D-ABC3-454B0036972B}.Release|Mixed Platforms.Build.0 = Release
		{BBF7EF0C-384D-407D-ABC3-454B0036972B}.Release|Pocket PC 2003 (ARMV4).ActiveCfg = Release
		{BBF7EF0C-384D-407D-ABC3-454B0036972B}.Release|Pocket PC 2003 (ARMV4).Build.0 = Release
		{BBF7EF0C-384D-407D-ABC3-454B0036972B}.Release|Smartphone 2003 (ARMV4).ActiveCfg = Release
		{BBF7EF0C-384D-407D-ABC3-454B0036972B}.Release|Win32.ActiveCfg = Release
		{BBF7EF0C-384D-407D-ABC3-454B0036972B}.Release|Windows CE 6 SDK (ARMV4I).ActiveCfg = Release
		{BBF7EF0C-384D-407D-ABC3-454B0036972B}.Release|Windows Mobile 5.0 Pocket PC SDK (ARMV4I).ActiveCfg = Release
		{BBF7EF0C-384D-407D-ABC3-454B0036972B}.Release|Windows Mobile 5.0 Pocket PC SDK (ARMV4I).Build.0 = Release
		{BBF7EF0C-384D-407D-ABC3-454B0036972B}.Release|Windows Mobile 5.0 Smartphone SDK (ARMV4I).ActiveCfg = Release
		{BBF7EF0C-384D-407D-ABC3-454B0036972B}.Release|Windows Mobile 5.0 Smartphone SDK (ARMV4I).Build.0 = Release
		{BBF7EF0C-384D-407D-ABC3-454B0036972B}.TestSuite|Mixed Platforms.ActiveCfg = Release
		{BBF7EF0C-384D-407D-ABC3-454B0036972B}.TestSuite|Mixed Platforms.Build.0 = Release
		{BBF7EF0C-384D-407D-ABC3-454B0036972B}.TestSuite|Pocket PC 2003 (ARMV4).ActiveCfg = Release
		{BBF7EF0C-384D-407D-ABC3-454B0036972B}.TestSuite|Smartphone 2003 (ARMV4).ActiveCfg = Release
		{BBF7EF0C-384D-407D-ABC3-454B0036972B}.TestSuite|Win32.ActiveCfg = Release
		{BBF7EF0C-384D-407D-ABC3-454B0036972B}.TestSuite|Windows CE 6 SDK (ARMV4I).ActiveCfg = Release
		{BBF7EF0C-384D-407D-ABC3-454B0036972B}.TestSuite|Windows Mobile 5.0 Pocket PC SDK (ARMV4I).ActiveCfg = Release
		{BBF7EF0C-384D-407D-ABC3-454B0036972B}.TestSuite|Windows Mobile 5.0 Pocket PC SDK (ARMV4I).Build.0 = Release
		{BBF7EF0C-384D-407D-ABC3-454B0036972B}.TestSuite|Windows Mobile 5.0 Smartphone SDK (ARMV4I).ActiveCfg = Release
		{BBF7EF0C-384D-407D-ABC3-454B0036972B}.TestSuite|Windows Mobile 5.0 Smartphone SDK (ARMV4I).Build.0 = Release
		{8CE97720-BD07-4B8C-AA08-5636AB1C8A6C}.Debug|Mixed Platforms.ActiveCfg = Debug|Windows Mobile 5.0 Smartphone SDK (ARMV4I)
		{8CE97720-BD07-4B8C-AA08-5636AB1C8A6C}.Debug|Mixed Platforms.Build.0 = Debug|Windows Mobile 5.0 Smartphone SDK (ARMV4I)
		{8CE97720-BD07-4B8C-AA08-5636AB1C8A6C}.Debug|Mixed Platforms.Deploy.0 = Debug|Windows Mobile 5.0 Smartphone SDK (ARMV4I)
		{8CE97720-BD07-4B8C-AA08-5636AB1C8A6C}.Debug|Pocket PC 2003 (ARMV4).ActiveCfg = Debug|Pocket PC 2003 (ARMV4)
		{8CE97720-BD07-4B8C-AA08-5636AB1C8A6C}.Debug|Pocket PC 2003 (ARMV4).Build.0 = Debug|Pocket PC 2003 (ARMV4)
		{8CE97720-BD07-4B8C-AA08-5636AB1C8A6C}.Debug|Pocket PC 2003 (ARMV4).Deploy.0 = Debug|Pocket PC 2003 (ARMV4)
		{8CE97720-BD07-4B8C-AA08-5636AB1C8A6C}.Debug|Smartphone 2003 (ARMV4).ActiveCfg = Debug|Smartphone 2003 (ARMV4)
		{8CE97720-BD07-4B8C-AA08-5636AB1C8A6C}.Debug|Smartphone 2003 (ARMV4).Build.0 = Debug|Smartphone 2003 (ARMV4)
		{8CE97720-BD07-4B8C-AA08-5636AB1C8A6C}.Debug|Smartphone 2003 (ARMV4).Deploy.0 = Debug|Smartphone 2003 (ARMV4)
		{8CE97720-BD07-4B8C-AA08-5636AB1C8A6C}.Debug|Win32.ActiveCfg = Debug|Windows Mobile 5.0 Smartphone SDK (ARMV4I)
		{8CE97720-BD07-4B8C-AA08-5636AB1C8A6C}.Debug|Windows CE 6 SDK (ARMV4I).ActiveCfg = Debug|Windows Mobile 5.0 Smartphone SDK (ARMV4I)
		{8CE97720-BD07-4B8C-AA08-5636AB1C8A6C}.Debug|Windows Mobile 5.0 Pocket PC SDK (ARMV4I).ActiveCfg = Debug|Windows Mobile 5.0 Pocket PC SDK (ARMV4I)
		{8CE97720-BD07-4B8C-AA08-5636AB1C8A6C}.Debug|Windows Mobile 5.0 Pocket PC SDK (ARMV4I).Build.0 = Debug|Windows Mobile 5.0 Pocket PC SDK (ARMV4I)
		{8CE97720-BD07-4B8C-AA08-5636AB1C8A6C}.Debug|Windows Mobile 5.0 Pocket PC SDK (ARMV4I).Deploy.0 = Debug|Windows Mobile 5.0 Pocket PC SDK (ARMV4I)
		{8CE97720-BD07-4B8C-AA08-5636AB1C8A6C}.Debug|Windows Mobile 5.0 Smartphone SDK (ARMV4I).ActiveCfg = Debug|Windows Mobile 5.0 Smartphone SDK (ARMV4I)
		{8CE97720-BD07-4B8C-AA08-5636AB1C8A6C}.Debug|Windows Mobile 5.0 Smartphone SDK (ARMV4I).Build.0 = Debug|Windows Mobile 5.0 Smartphone SDK (ARMV4I)
		{8CE97720-BD07-4B8C-AA08-5636AB1C8A6C}.Debug|Windows Mobile 5.0 Smartphone SDK (ARMV4I).Deploy.0 = Debug|Windows Mobile 5.0 Smartphone SDK (ARMV4I)
		{8CE97720-BD07-4B8C-AA08-5636AB1C8A6C}.Release|Mixed Platforms.ActiveCfg = Release|Windows Mobile 5.0 Smartphone SDK (ARMV4I)
		{8CE97720-BD07-4B8C-AA08-5636AB1C8A6C}.Release|Mixed Platforms.Build.0 = Release|Windows Mobile 5.0 Smartphone SDK (ARMV4I)
		{8CE97720-BD07-4B8C-AA08-5636AB1C8A6C}.Release|Mixed Platforms.Deploy.0 = Release|Windows Mobile 5.0 Smartphone SDK (ARMV4I)
		{8CE97720-BD07-4B8C-AA08-5636AB1C8A6C}.Release|Pocket PC 2003 (ARMV4).ActiveCfg = Release|Pocket PC 2003 (ARMV4)
		{8CE97720-BD07-4B8C-AA08-5636AB1C8A6C}.Release|Pocket PC 2003 (ARMV4).Build.0 = Release|Pocket PC 2003 (ARMV4)
		{8CE97720-BD07-4B8C-AA08-5636AB1C8A6C}.Release|Pocket PC 2003 (ARMV4).Deploy.0 = Release|Pocket PC 2003 (ARMV4)
		{8CE97720-BD07-4B8C-AA08-5636AB1C8A6C}.Release|Smartphone 2003 (ARMV4).ActiveCfg = Release|Smartphone 2003 (ARMV4)
		{8CE97720-BD07-4B8C-AA08-5636AB1C8A6C}.Release|Win32.ActiveCfg = Release|Windows Mobile 5.0 Smartphone SDK (ARMV4I)
		{8CE97720-BD07-4B8C-AA08-5636AB1C8A6C}.Release|Windows CE 6 SDK (ARMV4I).ActiveCfg = Release|Windows Mobile 5.0 Smartphone SDK (ARMV4I)
		{8CE97720-BD07-4B8C-AA08-5636AB1C8A6C}.Release|Windows Mobile 5.0 Pocket PC SDK (ARMV4I).ActiveCfg = Release|Windows Mobile 5.0 Pocket PC SDK (ARMV4I)
		{8CE97720-BD07-4B8C-AA08-5636AB1C8A6C}.Release|Windows Mobile 5.0 Pocket PC SDK (ARMV4I).Build.0 = Release|Windows Mobile 5.0 Pocket PC SDK (ARMV4I)
		{8CE97720-BD07-4B8C-AA08-5636AB1C8A6C}.Release|Windows Mobile 5.0 Pocket PC SDK (ARMV4I).Deploy.0 = Release|Windows Mobile 5.0 Pocket PC SDK (ARMV4I)
		{8CE97720-BD07-4B8C-AA08-5636AB1C8A6C}.Release|Windows Mobile 5.0 Smartphone SDK (ARMV4I).ActiveCfg = Release|Windows Mobile 5.0 Smartphone SDK (ARMV4I)
		{8CE97720-BD07-4B8C-AA08-5636AB1C8A6C}.Release|Windows Mobile 5.0 Smartphone SDK (ARMV4I).Build.0 = Release|Windows Mobile 5.0 Smartphone SDK (ARMV4I)
		{8CE97720-BD07-4B8C-AA08-5636AB1C8A6C}.Release|Windows Mobile 5.0 Smartphone SDK (ARMV4I).Deploy.0 = Release|Windows Mobile 5.0 Smartphone SDK (ARMV4I)
		{8CE97720-BD07-4B8C-AA08-5636AB1C8A6C}.TestSuite|Mixed Platforms.ActiveCfg = Debug|Windows Mobile 5.0 Smartphone SDK (ARMV4I)
		{8CE97720-BD07-4B8C-AA08-5636AB1C8A6C}.TestSuite|Mixed Platforms.Build.0 = Debug|Windows Mobile 5.0 Smartphone SDK (ARMV4I)
		{8CE97720-BD07-4B8C-AA08-5636AB1C8A6C}.TestSuite|Mixed Platforms.Deploy.0 = Debug|Windows Mobile 5.0 Smartphone SDK (ARMV4I)
		{8CE97720-BD07-4B8C-AA08-5636AB1C8A6C}.TestSuite|Pocket PC 2003 (ARMV4).ActiveCfg = Debug|Windows Mobile 5.0 Smartphone SDK (ARMV4I)
		{8CE97720-BD07-4B8C-AA08-5636AB1C8A6C}.TestSuite|Smartphone 2003 (ARMV4).ActiveCfg = Debug|Windows Mobile 5.0 Smartphone SDK (ARMV4I)
		{8CE97720-BD07-4B8C-AA08-5636AB1C8A6C}.TestSuite|Win32.ActiveCfg = Debug|Windows Mobile 5.0 Smartphone SDK (ARMV4I)
		{8CE97720-BD07-4B8C-AA08-5636AB1C8A6C}.TestSuite|Windows CE 6 SDK (ARMV4I).ActiveCfg = Debug|Windows Mobile 5.0 Smartphone SDK (ARMV4I)
		{8CE97720-BD07-4B8C-AA08-5636AB1C8A6C}.TestSuite|Windows Mobile 5.0 Pocket PC SDK (ARMV4I).ActiveCfg = Debug|Windows Mobile 5.0 Smartphone SDK (ARMV4I)
		{8CE97720-BD07-4B8C-AA08-5636AB1C8A6C}.TestSuite|Windows Mobile 5.0 Smartphone SDK (ARMV4I).ActiveCfg = Debug|Windows Mobile 5.0 Smartphone SDK (ARMV4I)
		{8CE97720-BD07-4B8C-AA08-5636AB1C8A6C}.TestSuite|Windows Mobile 5.0 Smartphone SDK (ARMV4I).Build.0 = Debug|Windows Mobile 5.0 Smartphone SDK (ARMV4I)
		{8CE97720-BD07-4B8C-AA08-5636AB1C8A6C}.TestSuite|Windows Mobile 5.0 Smartphone SDK (ARMV4I).Deploy.0 = Debug|Windows Mobile 5.0 Smartphone SDK (ARMV4I)
		{7AEFE5EF-A494-4335-9F92-3ADCFD166702}.Debug|Mixed Platforms.ActiveCfg = Debug|Windows Mobile 5.0 Smartphone SDK (ARMV4I)
		{7AEFE5EF-A494-4335-9F92-3ADCFD166702}.Debug|Mixed Platforms.Build.0 = Debug|Windows Mobile 5.0 Smartphone SDK (ARMV4I)
		{7AEFE5EF-A494-4335-9F92-3ADCFD166702}.Debug|Mixed Platforms.Deploy.0 = Debug|Windows Mobile 5.0 Smartphone SDK (ARMV4I)
		{7AEFE5EF-A494-4335-9F92-3ADCFD166702}.Debug|Pocket PC 2003 (ARMV4).ActiveCfg = Debug|Pocket PC 2003 (ARMV4)
		{7AEFE5EF-A494-4335-9F92-3ADCFD166702}.Debug|Pocket PC 2003 (ARMV4).Build.0 = Debug|Pocket PC 2003 (ARMV4)
		{7AEFE5EF-A494-4335-9F92-3ADCFD166702}.Debug|Pocket PC 2003 (ARMV4).Deploy.0 = Debug|Pocket PC 2003 (ARMV4)
		{7AEFE5EF-A494-4335-9F92-3ADCFD166702}.Debug|Smartphone 2003 (ARMV4).ActiveCfg = Debug|Smartphone 2003 (ARMV4)
		{7AEFE5EF-A494-4335-9F92-3ADCFD166702}.Debug|Smartphone 2003 (ARMV4).Build.0 = Debug|Smartphone 2003 (ARMV4)
		{7AEFE5EF-A494-4335-9F92-3ADCFD166702}.Debug|Smartphone 2003 (ARMV4).Deploy.0 = Debug|Smartphone 2003 (ARMV4)
		{7AEFE5EF-A494-4335-9F92-3ADCFD166702}.Debug|Win32.ActiveCfg = Debug|Windows Mobile 5.0 Smartphone SDK (ARMV4I)
		{7AEFE5EF-A494-4335-9F92-3ADCFD166702}.Debug|Windows CE 6 SDK (ARMV4I).ActiveCfg = Debug|Windows Mobile 5.0 Smartphone SDK (ARMV4I)
		{7AEFE5EF-A494-4335-9F92-3ADCFD166702}.Debug|Windows Mobile 5.0 Pocket PC SDK (ARMV4I).ActiveCfg = Debug|Windows Mobile 5.0 Pocket PC SDK (ARMV4I)
		{7AEFE5EF-A494-4335-9F92-3ADCFD166702}.Debug|Windows Mobile 5.0 Pocket PC SDK (ARMV4I).Build.0 = Debug|Windows Mobile 5.0 Pocket PC SDK (ARMV4I)
		{7AEFE5EF-A494-4335-9F92-3ADCFD166702}.Debug|Windows Mobile 5.0 Pocket PC SDK (ARMV4I).Deploy.0 = Debug|Windows Mobile 5.0 Pocket PC SDK (ARMV4I)
		{7AEFE5EF-A494-4335-9F92-3ADCFD166702}.Debug|Windows Mobile 5.0 Smartphone SDK (ARMV4I).ActiveCfg = Debug|Windows Mobile 5.0 Smartphone SDK (ARMV4I)
		{7AEFE5EF-A494-4335-9F92-3ADCFD166702}.Debug|Windows Mobile 5.0 Smartphone SDK (ARMV4I).Build.0 = Debug|Windows Mobile 5.0 Smartphone SDK (ARMV4I)
		{7AEFE5EF-A494-4335-9F92-3ADCFD166702}.Debug|Windows Mobile 5.0 Smartphone SDK (ARMV4I).Deploy.0 = Debug|Windows Mobile 5.0 Smartphone SDK (ARMV4I)
		{7AEFE5EF-A494-4335-9F92-3ADCFD166702}.Release|Mixed Platforms.ActiveCfg = Release|Windows Mobile 5.0 Smartphone SDK (ARMV4I)
		{7AEFE5EF-A494-4335-9F92-3ADCFD166702}.Release|Mixed Platforms.Build.0 = Release|Windows Mobile 5.0 Smartphone SDK (ARMV4I)
		{7AEFE5EF-A494-4335-9F92-3ADCFD166702}.Release|Mixed Platforms.Deploy.0 = Release|Windows Mobile 5.0 Smartphone SDK (ARMV4I)
		{7AEFE5EF-A494-4335-9F92-3ADCFD166702}.Release|Pocket PC 2003 (ARMV4).ActiveCfg = Release|Pocket PC 2003 (ARMV4)
		{7AEFE5EF-A494-4335-9F92-3ADCFD166702}.Release|Pocket PC 2003 (ARMV4).Build.0 = Release|Pocket PC 2003 (ARMV4)
		{7AEFE5EF-A494-4335-9F92-3ADCFD166702}.Release|Pocket PC 2003 (ARMV4).Deploy.0 = Release|Pocket PC 2003 (ARMV4)
		{7AEFE5EF-A494-4335-9F92-3ADCFD166702}.Release|Smartphone 2003 (ARMV4).ActiveCfg = Release|Smartphone 2003 (ARMV4)
		{7AEFE5EF-A494-4335-9F92-3ADCFD166702}.Release|Smartphone 2003 (ARMV4).Build.0 = Release|Smartphone 2003 (ARMV4)
		{7AEFE5EF-A494-4335-9F92-3ADCFD166702}.Release|Smartphone 2003 (ARMV4).Deploy.0 = Release|Smartphone 2003 (ARMV4)
		{7AEFE5EF-A494-4335-9F92-3ADCFD166702}.Release|Win32.ActiveCfg = Release|Windows Mobile 5.0 Smartphone SDK (ARMV4I)
		{7AEFE5EF-A494-4335-9F92-3ADCFD166702}.Release|Windows CE 6 SDK (ARMV4I).ActiveCfg = Release|Windows Mobile 5.0 Smartphone SDK (ARMV4I)
		{7AEFE5EF-A494-4335-9F92-3ADCFD166702}.Release|Windows Mobile 5.0 Pocket PC SDK (ARMV4I).ActiveCfg = Release|Windows Mobile 5.0 Pocket PC SDK (ARMV4I)
		{7AEFE5EF-A494-4335-9F92-3ADCFD166702}.Release|Windows Mobile 5.0 Pocket PC SDK (ARMV4I).Build.0 = Release|Windows Mobile 5.0 Pocket PC SDK (ARMV4I)
		{7AEFE5EF-A494-4335-9F92-3ADCFD166702}.Release|Windows Mobile 5.0 Pocket PC SDK (ARMV4I).Deploy.0 = Release|Windows Mobile 5.0 Pocket PC SDK (ARMV4I)
		{7AEFE5EF-A494-4335-9F92-3ADCFD166702}.Release|Windows Mobile 5.0 Smartphone SDK (ARMV4I).ActiveCfg = Release|Windows Mobile 5.0 Smartphone SDK (ARMV4I)
		{7AEFE5EF-A494-4335-9F92-3ADCFD166702}.Release|Windows Mobile 5.0 Smartphone SDK (ARMV4I).Build.0 = Release|Windows Mobile 5.0 Smartphone SDK (ARMV4I)
		{7AEFE5EF-A494-4335-9F92-3ADCFD166702}.Release|Windows Mobile 5.0 Smartphone SDK (ARMV4I).Deploy.0 = Release|Windows Mobile 5.0 Smartphone SDK (ARMV4I)
		{7AEFE5EF-A494-4335-9F92-3ADCFD166702}.TestSuite|Mixed Platforms.ActiveCfg = Debug|Windows Mobile 5.0 Smartphone SDK (ARMV4I)
		{7AEFE5EF-A494-4335-9F92-3ADCFD166702}.TestSuite|Mixed Platforms.Build.0 = Debug|Windows Mobile 5.0 Smartphone SDK (ARMV4I)
		{7AEFE5EF-A494-4335-9F92-3ADCFD166702}.TestSuite|Mixed Platforms.Deploy.0 = Debug|Windows Mobile 5.0 Smartphone SDK (ARMV4I)
		{7AEFE5EF-A494-4335-9F92-3ADCFD166702}.TestSuite|Pocket PC 2003 (ARMV4).ActiveCfg = Debug|Windows Mobile 5.0 Smartphone SDK (ARMV4I)
		{7AEFE5EF-A494-4335-9F92-3ADCFD166702}.TestSuite|Smartphone 2003 (ARMV4).ActiveCfg = Debug|Windows Mobile 5.0 Smartphone SDK (ARMV4I)
		{7AEFE5EF-A494-4335-9F92-3ADCFD166702}.TestSuite|Win32.ActiveCfg = Debug|Windows Mobile 5.0 Smartphone SDK (ARMV4I)
		{7AEFE5EF-A494-4335-9F92-3ADCFD166702}.TestSuite|Windows CE 6 SDK (ARMV4I).ActiveCfg = Debug|Windows Mobile 5.0 Smartphone SDK (ARMV4I)
		{7AEFE5EF-A494-4335-9F92-3ADCFD166702}.TestSuite|Windows Mobile 5.0 Pocket PC SDK (ARMV4I).ActiveCfg = Debug|Windows Mobile 5.0 Smartphone SDK (ARMV4I)
		{7AEFE5EF-A494-4335-9F92-3ADCFD166702}.TestSuite|Windows Mobile 5.0 Smartphone SDK (ARMV4I).ActiveCfg = Debug|Windows Mobile 5.0 Smartphone SDK (ARMV4I)
		{7AEFE5EF-A494-4335-9F92-3ADCFD166702}.TestSuite|Windows Mobile 5.0 Smartphone SDK (ARMV4I).Build.0 = Debug|Windows Mobile 5.0 Smartphone SDK (ARMV4I)
		{7AEFE5EF-A494-4335-9F92-3ADCFD166702}.TestSuite|Windows Mobile 5.0 Smartphone SDK (ARMV4I).Deploy.0 = Debug|Windows Mobile 5.0 Smartphone SDK (ARMV4I)
	EndGlobalSection
	GlobalSection(SolutionProperties) = preSolution
		HideSolutionNode = FALSE
	EndGlobalSection
	GlobalSection(NestedProjects) = preSolution
		{D1355C45-F5BE-4BDF-A876-BCB63819F02A} = {3CBB7FE5-0A2E-44F1-8955-306431838F72}
		{1407A4CD-4F45-41E9-A2DB-38B6BC6A6CA8} = {3CBB7FE5-0A2E-44F1-8955-306431838F72}
		{3804F950-2D5E-46CB-8BD9-5DBB7C0437BA} = {3CBB7FE5-0A2E-44F1-8955-306431838F72}
		{2FA90BFC-ACFD-49FE-8589-EAA892EE0098} = {3CBB7FE5-0A2E-44F1-8955-306431838F72}
		{8CE97720-BD07-4B8C-AA08-5636AB1C8A6C} = {3CBB7FE5-0A2E-44F1-8955-306431838F72}
		{7AEFE5EF-A494-4335-9F92-3ADCFD166702} = {3CBB7FE5-0A2E-44F1-8955-306431838F72}
	EndGlobalSection
EndGlobal
