
Microsoft Visual Studio Solution File, Format Version 12.00
# Visual Studio 2013
VisualStudioVersion = 12.0.21005.1
MinimumVisualStudioVersion = 10.0.40219.1
Project("{8BC9CEB8-8B4A-11D0-8D11-00A0C91BC942}") = "PhoneDirect3DXamlAppComponent", "PhoneDirect3DXamlApp\PhoneDirect3DXamlApp\PhoneDirect3DXamlAppComponent\PhoneDirect3DXamlAppComponent.vcxproj", "{711264C1-881C-493D-ADF4-A5D44C515C6B}"
EndProject
Project("{FAE04EC0-301F-11D3-BF4B-00C04F79EFBC}") = "PhoneDirect3DXamlApp", "PhoneDirect3DXamlApp\PhoneDirect3DXamlApp\PhoneDirect3DXamlApp\PhoneDirect3DXamlApp.csproj", "{7DB428C2-4514-466C-B1AA-F0DCBB57357D}"
EndProject
Global
	GlobalSection(SolutionConfigurationPlatforms) = preSolution
		Debug|Any CPU = Debug|Any CPU
		Debug|ARM = Debug|ARM
		Debug|Mixed Platforms = Debug|Mixed Platforms
		Debug|Win32 = Debug|Win32
		Debug|x86 = Debug|x86
		DEMO Debug|Any CPU = DEMO Debug|Any CPU
		DEMO Debug|ARM = DEMO Debug|ARM
		DEMO Debug|Mixed Platforms = DEMO Debug|Mixed Platforms
		DEMO Debug|Win32 = DEMO Debug|Win32
		DEMO Debug|x86 = DEMO Debug|x86
		DEMO Release|Any CPU = DEMO Release|Any CPU
		DEMO Release|ARM = DEMO Release|ARM
		DEMO Release|Mixed Platforms = DEMO Release|Mixed Platforms
		DEMO Release|Win32 = DEMO Release|Win32
		DEMO Release|x86 = DEMO Release|x86
		NO RAS Debug|Any CPU = NO RAS Debug|Any CPU
		NO RAS Debug|ARM = NO RAS Debug|ARM
		NO RAS Debug|Mixed Platforms = NO RAS Debug|Mixed Platforms
		NO RAS Debug|Win32 = NO RAS Debug|Win32
		NO RAS Debug|x86 = NO RAS Debug|x86
		NO RAS Release|Any CPU = NO RAS Release|Any CPU
		NO RAS Release|ARM = NO RAS Release|ARM
		NO RAS Release|Mixed Platforms = NO RAS Release|Mixed Platforms
		NO RAS Release|Win32 = NO RAS Release|Win32
		NO RAS Release|x86 = NO RAS Release|x86
		RAS Debug|Any CPU = RAS Debug|Any CPU
		RAS Debug|ARM = RAS Debug|ARM
		RAS Debug|Mixed Platforms = RAS Debug|Mixed Platforms
		RAS Debug|Win32 = RAS Debug|Win32
		RAS Debug|x86 = RAS Debug|x86
		RAS Release|Any CPU = RAS Release|Any CPU
		RAS Release|ARM = RAS Release|ARM
		RAS Release|Mixed Platforms = RAS Release|Mixed Platforms
		RAS Release|Win32 = RAS Release|Win32
		RAS Release|x86 = RAS Release|x86
		Release|Any CPU = Release|Any CPU
		Release|ARM = Release|ARM
		Release|Mixed Platforms = Release|Mixed Platforms
		Release|Win32 = Release|Win32
		Release|x86 = Release|x86
		TestSuite|Any CPU = TestSuite|Any CPU
		TestSuite|ARM = TestSuite|ARM
		TestSuite|Mixed Platforms = TestSuite|Mixed Platforms
		TestSuite|Win32 = TestSuite|Win32
		TestSuite|x86 = TestSuite|x86
	EndGlobalSection
	GlobalSection(ProjectConfigurationPlatforms) = postSolution
		{711264C1-881C-493D-ADF4-A5D44C515C6B}.Debug|Any CPU.ActiveCfg = Debug|Win32
		{711264C1-881C-493D-ADF4-A5D44C515C6B}.Debug|ARM.ActiveCfg = Debug|ARM
		{711264C1-881C-493D-ADF4-A5D44C515C6B}.Debug|ARM.Build.0 = Debug|ARM
		{711264C1-881C-493D-ADF4-A5D44C515C6B}.Debug|Mixed Platforms.ActiveCfg = Debug|Win32
		{711264C1-881C-493D-ADF4-A5D44C515C6B}.Debug|Mixed Platforms.Build.0 = Debug|Win32
		{711264C1-881C-493D-ADF4-A5D44C515C6B}.Debug|Win32.ActiveCfg = Debug|Win32
		{711264C1-881C-493D-ADF4-A5D44C515C6B}.Debug|x86.ActiveCfg = Debug|Win32
		{711264C1-881C-493D-ADF4-A5D44C515C6B}.Debug|x86.Build.0 = Debug|Win32
		{711264C1-881C-493D-ADF4-A5D44C515C6B}.DEMO Debug|Any CPU.ActiveCfg = Debug|Win32
		{711264C1-881C-493D-ADF4-A5D44C515C6B}.DEMO Debug|ARM.ActiveCfg = Debug|ARM
		{711264C1-881C-493D-ADF4-A5D44C515C6B}.DEMO Debug|ARM.Build.0 = Debug|ARM
		{711264C1-881C-493D-ADF4-A5D44C515C6B}.DEMO Debug|Mixed Platforms.ActiveCfg = Debug|Win32
		{711264C1-881C-493D-ADF4-A5D44C515C6B}.DEMO Debug|Mixed Platforms.Build.0 = Debug|Win32
		{711264C1-881C-493D-ADF4-A5D44C515C6B}.DEMO Debug|Win32.ActiveCfg = Debug|Win32
		{711264C1-881C-493D-ADF4-A5D44C515C6B}.DEMO Debug|Win32.Build.0 = Debug|Win32
		{711264C1-881C-493D-ADF4-A5D44C515C6B}.DEMO Debug|x86.ActiveCfg = Debug|Win32
		{711264C1-881C-493D-ADF4-A5D44C515C6B}.DEMO Debug|x86.Build.0 = Debug|Win32
		{711264C1-881C-493D-ADF4-A5D44C515C6B}.DEMO Release|Any CPU.ActiveCfg = Release|Win32
		{711264C1-881C-493D-ADF4-A5D44C515C6B}.DEMO Release|ARM.ActiveCfg = Release|ARM
		{711264C1-881C-493D-ADF4-A5D44C515C6B}.DEMO Release|ARM.Build.0 = Release|ARM
		{711264C1-881C-493D-ADF4-A5D44C515C6B}.DEMO Release|Mixed Platforms.ActiveCfg = Release|Win32
		{711264C1-881C-493D-ADF4-A5D44C515C6B}.DEMO Release|Mixed Platforms.Build.0 = Release|Win32
		{711264C1-881C-493D-ADF4-A5D44C515C6B}.DEMO Release|Win32.ActiveCfg = Release|Win32
		{711264C1-881C-493D-ADF4-A5D44C515C6B}.DEMO Release|Win32.Build.0 = Release|Win32
		{711264C1-881C-493D-ADF4-A5D44C515C6B}.DEMO Release|x86.ActiveCfg = Release|Win32
		{711264C1-881C-493D-ADF4-A5D44C515C6B}.DEMO Release|x86.Build.0 = Release|Win32
		{711264C1-881C-493D-ADF4-A5D44C515C6B}.NO RAS Debug|Any CPU.ActiveCfg = Debug|Win32
		{711264C1-881C-493D-ADF4-A5D44C515C6B}.NO RAS Debug|ARM.ActiveCfg = Debug|ARM
		{711264C1-881C-493D-ADF4-A5D44C515C6B}.NO RAS Debug|ARM.Build.0 = Debug|ARM
		{711264C1-881C-493D-ADF4-A5D44C515C6B}.NO RAS Debug|Mixed Platforms.ActiveCfg = Debug|Win32
		{711264C1-881C-493D-ADF4-A5D44C515C6B}.NO RAS Debug|Mixed Platforms.Build.0 = Debug|Win32
		{711264C1-881C-493D-ADF4-A5D44C515C6B}.NO RAS Debug|Win32.ActiveCfg = Debug|Win32
		{711264C1-881C-493D-ADF4-A5D44C515C6B}.NO RAS Debug|Win32.Build.0 = Debug|Win32
		{711264C1-881C-493D-ADF4-A5D44C515C6B}.NO RAS Debug|x86.ActiveCfg = Debug|Win32
		{711264C1-881C-493D-ADF4-A5D44C515C6B}.NO RAS Debug|x86.Build.0 = Debug|Win32
		{711264C1-881C-493D-ADF4-A5D44C515C6B}.NO RAS Release|Any CPU.ActiveCfg = Release|Win32
		{711264C1-881C-493D-ADF4-A5D44C515C6B}.NO RAS Release|ARM.ActiveCfg = Release|ARM
		{711264C1-881C-493D-ADF4-A5D44C515C6B}.NO RAS Release|ARM.Build.0 = Release|ARM
		{711264C1-881C-493D-ADF4-A5D44C515C6B}.NO RAS Release|Mixed Platforms.ActiveCfg = Release|Win32
		{711264C1-881C-493D-ADF4-A5D44C515C6B}.NO RAS Release|Mixed Platforms.Build.0 = Release|Win32
		{711264C1-881C-493D-ADF4-A5D44C515C6B}.NO RAS Release|Win32.ActiveCfg = Release|Win32
		{711264C1-881C-493D-ADF4-A5D44C515C6B}.NO RAS Release|Win32.Build.0 = Release|Win32
		{711264C1-881C-493D-ADF4-A5D44C515C6B}.NO RAS Release|x86.ActiveCfg = Release|Win32
		{711264C1-881C-493D-ADF4-A5D44C515C6B}.NO RAS Release|x86.Build.0 = Release|Win32
		{711264C1-881C-493D-ADF4-A5D44C515C6B}.RAS Debug|Any CPU.ActiveCfg = Debug|Win32
		{711264C1-881C-493D-ADF4-A5D44C515C6B}.RAS Debug|ARM.ActiveCfg = Debug|ARM
		{711264C1-881C-493D-ADF4-A5D44C515C6B}.RAS Debug|ARM.Build.0 = Debug|ARM
		{711264C1-881C-493D-ADF4-A5D44C515C6B}.RAS Debug|Mixed Platforms.ActiveCfg = Debug|Win32
		{711264C1-881C-493D-ADF4-A5D44C515C6B}.RAS Debug|Mixed Platforms.Build.0 = Debug|Win32
		{711264C1-881C-493D-ADF4-A5D44C515C6B}.RAS Debug|Win32.ActiveCfg = Debug|Win32
		{711264C1-881C-493D-ADF4-A5D44C515C6B}.RAS Debug|Win32.Build.0 = Debug|Win32
		{711264C1-881C-493D-ADF4-A5D44C515C6B}.RAS Debug|x86.ActiveCfg = Debug|Win32
		{711264C1-881C-493D-ADF4-A5D44C515C6B}.RAS Debug|x86.Build.0 = Debug|Win32
		{711264C1-881C-493D-ADF4-A5D44C515C6B}.RAS Release|Any CPU.ActiveCfg = Release|Win32
		{711264C1-881C-493D-ADF4-A5D44C515C6B}.RAS Release|ARM.ActiveCfg = Release|ARM
		{711264C1-881C-493D-ADF4-A5D44C515C6B}.RAS Release|ARM.Build.0 = Release|ARM
		{711264C1-881C-493D-ADF4-A5D44C515C6B}.RAS Release|Mixed Platforms.ActiveCfg = Release|Win32
		{711264C1-881C-493D-ADF4-A5D44C515C6B}.RAS Release|Mixed Platforms.Build.0 = Release|Win32
		{711264C1-881C-493D-ADF4-A5D44C515C6B}.RAS Release|Win32.ActiveCfg = Release|Win32
		{711264C1-881C-493D-ADF4-A5D44C515C6B}.RAS Release|Win32.Build.0 = Release|Win32
		{711264C1-881C-493D-ADF4-A5D44C515C6B}.RAS Release|x86.ActiveCfg = Release|Win32
		{711264C1-881C-493D-ADF4-A5D44C515C6B}.RAS Release|x86.Build.0 = Release|Win32
		{711264C1-881C-493D-ADF4-A5D44C515C6B}.Release|Any CPU.ActiveCfg = Release|Win32
		{711264C1-881C-493D-ADF4-A5D44C515C6B}.Release|ARM.ActiveCfg = Release|ARM
		{711264C1-881C-493D-ADF4-A5D44C515C6B}.Release|ARM.Build.0 = Release|ARM
		{711264C1-881C-493D-ADF4-A5D44C515C6B}.Release|Mixed Platforms.ActiveCfg = Release|Win32
		{711264C1-881C-493D-ADF4-A5D44C515C6B}.Release|Mixed Platforms.Build.0 = Release|Win32
		{711264C1-881C-493D-ADF4-A5D44C515C6B}.Release|Win32.ActiveCfg = Release|Win32
		{711264C1-881C-493D-ADF4-A5D44C515C6B}.Release|Win32.Build.0 = Release|Win32
		{711264C1-881C-493D-ADF4-A5D44C515C6B}.Release|x86.ActiveCfg = Release|Win32
		{711264C1-881C-493D-ADF4-A5D44C515C6B}.Release|x86.Build.0 = Release|Win32
		{711264C1-881C-493D-ADF4-A5D44C515C6B}.TestSuite|Any CPU.ActiveCfg = Release|Win32
		{711264C1-881C-493D-ADF4-A5D44C515C6B}.TestSuite|ARM.ActiveCfg = Release|ARM
		{711264C1-881C-493D-ADF4-A5D44C515C6B}.TestSuite|ARM.Build.0 = Release|ARM
		{711264C1-881C-493D-ADF4-A5D44C515C6B}.TestSuite|Mixed Platforms.ActiveCfg = Release|Win32
		{711264C1-881C-493D-ADF4-A5D44C515C6B}.TestSuite|Mixed Platforms.Build.0 = Release|Win32
		{711264C1-881C-493D-ADF4-A5D44C515C6B}.TestSuite|Win32.ActiveCfg = Release|Win32
		{711264C1-881C-493D-ADF4-A5D44C515C6B}.TestSuite|Win32.Build.0 = Release|Win32
		{711264C1-881C-493D-ADF4-A5D44C515C6B}.TestSuite|x86.ActiveCfg = Release|Win32
		{711264C1-881C-493D-ADF4-A5D44C515C6B}.TestSuite|x86.Build.0 = Release|Win32
		{7DB428C2-4514-466C-B1AA-F0DCBB57357D}.Debug|Any CPU.ActiveCfg = Debug|Any CPU
		{7DB428C2-4514-466C-B1AA-F0DCBB57357D}.Debug|Any CPU.Build.0 = Debug|Any CPU
		{7DB428C2-4514-466C-B1AA-F0DCBB57357D}.Debug|Any CPU.Deploy.0 = Debug|Any CPU
		{7DB428C2-4514-466C-B1AA-F0DCBB57357D}.Debug|ARM.ActiveCfg = Debug|ARM
		{7DB428C2-4514-466C-B1AA-F0DCBB57357D}.Debug|ARM.Build.0 = Debug|ARM
		{7DB428C2-4514-466C-B1AA-F0DCBB57357D}.Debug|ARM.Deploy.0 = Debug|ARM
		{7DB428C2-4514-466C-B1AA-F0DCBB57357D}.Debug|Mixed Platforms.ActiveCfg = Debug|x86
		{7DB428C2-4514-466C-B1AA-F0DCBB57357D}.Debug|Mixed Platforms.Build.0 = Debug|x86
		{7DB428C2-4514-466C-B1AA-F0DCBB57357D}.Debug|Mixed Platforms.Deploy.0 = Debug|x86
		{7DB428C2-4514-466C-B1AA-F0DCBB57357D}.Debug|Win32.ActiveCfg = Debug|x86
		{7DB428C2-4514-466C-B1AA-F0DCBB57357D}.Debug|x86.ActiveCfg = Debug|x86
		{7DB428C2-4514-466C-B1AA-F0DCBB57357D}.Debug|x86.Build.0 = Debug|x86
		{7DB428C2-4514-466C-B1AA-F0DCBB57357D}.Debug|x86.Deploy.0 = Debug|x86
		{7DB428C2-4514-466C-B1AA-F0DCBB57357D}.DEMO Debug|Any CPU.ActiveCfg = Debug|Any CPU
		{7DB428C2-4514-466C-B1AA-F0DCBB57357D}.DEMO Debug|Any CPU.Build.0 = Debug|Any CPU
		{7DB428C2-4514-466C-B1AA-F0DCBB57357D}.DEMO Debug|Any CPU.Deploy.0 = Debug|Any CPU
		{7DB428C2-4514-466C-B1AA-F0DCBB57357D}.DEMO Debug|ARM.ActiveCfg = Debug|ARM
		{7DB428C2-4514-466C-B1AA-F0DCBB57357D}.DEMO Debug|ARM.Build.0 = Debug|ARM
		{7DB428C2-4514-466C-B1AA-F0DCBB57357D}.DEMO Debug|ARM.Deploy.0 = Debug|ARM
		{7DB428C2-4514-466C-B1AA-F0DCBB57357D}.DEMO Debug|Mixed Platforms.ActiveCfg = Debug|x86
		{7DB428C2-4514-466C-B1AA-F0DCBB57357D}.DEMO Debug|Mixed Platforms.Build.0 = Debug|x86
		{7DB428C2-4514-466C-B1AA-F0DCBB57357D}.DEMO Debug|Mixed Platforms.Deploy.0 = Debug|x86
		{7DB428C2-4514-466C-B1AA-F0DCBB57357D}.DEMO Debug|Win32.ActiveCfg = Debug|x86
		{7DB428C2-4514-466C-B1AA-F0DCBB57357D}.DEMO Debug|Win32.Build.0 = Debug|x86
		{7DB428C2-4514-466C-B1AA-F0DCBB57357D}.DEMO Debug|Win32.Deploy.0 = Debug|x86
		{7DB428C2-4514-466C-B1AA-F0DCBB57357D}.DEMO Debug|x86.ActiveCfg = Debug|x86
		{7DB428C2-4514-466C-B1AA-F0DCBB57357D}.DEMO Debug|x86.Build.0 = Debug|x86
		{7DB428C2-4514-466C-B1AA-F0DCBB57357D}.DEMO Debug|x86.Deploy.0 = Debug|x86
		{7DB428C2-4514-466C-B1AA-F0DCBB57357D}.DEMO Release|Any CPU.ActiveCfg = Release|Any CPU
		{7DB428C2-4514-466C-B1AA-F0DCBB57357D}.DEMO Release|Any CPU.Build.0 = Release|Any CPU
		{7DB428C2-4514-466C-B1AA-F0DCBB57357D}.DEMO Release|Any CPU.Deploy.0 = Release|Any CPU
		{7DB428C2-4514-466C-B1AA-F0DCBB57357D}.DEMO Release|ARM.ActiveCfg = Release|ARM
		{7DB428C2-4514-466C-B1AA-F0DCBB57357D}.DEMO Release|ARM.Build.0 = Release|ARM
		{7DB428C2-4514-466C-B1AA-F0DCBB57357D}.DEMO Release|ARM.Deploy.0 = Release|ARM
		{7DB428C2-4514-466C-B1AA-F0DCBB57357D}.DEMO Release|Mixed Platforms.ActiveCfg = Release|x86
		{7DB428C2-4514-466C-B1AA-F0DCBB57357D}.DEMO Release|Mixed Platforms.Build.0 = Release|x86
		{7DB428C2-4514-466C-B1AA-F0DCBB57357D}.DEMO Release|Mixed Platforms.Deploy.0 = Release|x86
		{7DB428C2-4514-466C-B1AA-F0DCBB57357D}.DEMO Release|Win32.ActiveCfg = Release|x86
		{7DB428C2-4514-466C-B1AA-F0DCBB57357D}.DEMO Release|Win32.Build.0 = Release|x86
		{7DB428C2-4514-466C-B1AA-F0DCBB57357D}.DEMO Release|Win32.Deploy.0 = Release|x86
		{7DB428C2-4514-466C-B1AA-F0DCBB57357D}.DEMO Release|x86.ActiveCfg = Release|x86
		{7DB428C2-4514-466C-B1AA-F0DCBB57357D}.DEMO Release|x86.Build.0 = Release|x86
		{7DB428C2-4514-466C-B1AA-F0DCBB57357D}.DEMO Release|x86.Deploy.0 = Release|x86
		{7DB428C2-4514-466C-B1AA-F0DCBB57357D}.NO RAS Debug|Any CPU.ActiveCfg = Debug|Any CPU
		{7DB428C2-4514-466C-B1AA-F0DCBB57357D}.NO RAS Debug|Any CPU.Build.0 = Debug|Any CPU
		{7DB428C2-4514-466C-B1AA-F0DCBB57357D}.NO RAS Debug|Any CPU.Deploy.0 = Debug|Any CPU
		{7DB428C2-4514-466C-B1AA-F0DCBB57357D}.NO RAS Debug|ARM.ActiveCfg = Debug|ARM
		{7DB428C2-4514-466C-B1AA-F0DCBB57357D}.NO RAS Debug|ARM.Build.0 = Debug|ARM
		{7DB428C2-4514-466C-B1AA-F0DCBB57357D}.NO RAS Debug|ARM.Deploy.0 = Debug|ARM
		{7DB428C2-4514-466C-B1AA-F0DCBB57357D}.NO RAS Debug|Mixed Platforms.ActiveCfg = Debug|x86
		{7DB428C2-4514-466C-B1AA-F0DCBB57357D}.NO RAS Debug|Mixed Platforms.Build.0 = Debug|x86
		{7DB428C2-4514-466C-B1AA-F0DCBB57357D}.NO RAS Debug|Mixed Platforms.Deploy.0 = Debug|x86
		{7DB428C2-4514-466C-B1AA-F0DCBB57357D}.NO RAS Debug|Win32.ActiveCfg = Debug|x86
		{7DB428C2-4514-466C-B1AA-F0DCBB57357D}.NO RAS Debug|Win32.Build.0 = Debug|x86
		{7DB428C2-4514-466C-B1AA-F0DCBB57357D}.NO RAS Debug|Win32.Deploy.0 = Debug|x86
		{7DB428C2-4514-466C-B1AA-F0DCBB57357D}.NO RAS Debug|x86.ActiveCfg = Debug|x86
		{7DB428C2-4514-466C-B1AA-F0DCBB57357D}.NO RAS Debug|x86.Build.0 = Debug|x86
		{7DB428C2-4514-466C-B1AA-F0DCBB57357D}.NO RAS Debug|x86.Deploy.0 = Debug|x86
		{7DB428C2-4514-466C-B1AA-F0DCBB57357D}.NO RAS Release|Any CPU.ActiveCfg = Release|Any CPU
		{7DB428C2-4514-466C-B1AA-F0DCBB57357D}.NO RAS Release|Any CPU.Build.0 = Release|Any CPU
		{7DB428C2-4514-466C-B1AA-F0DCBB57357D}.NO RAS Release|Any CPU.Deploy.0 = Release|Any CPU
		{7DB428C2-4514-466C-B1AA-F0DCBB57357D}.NO RAS Release|ARM.ActiveCfg = Release|ARM
		{7DB428C2-4514-466C-B1AA-F0DCBB57357D}.NO RAS Release|ARM.Build.0 = Release|ARM
		{7DB428C2-4514-466C-B1AA-F0DCBB57357D}.NO RAS Release|ARM.Deploy.0 = Release|ARM
		{7DB428C2-4514-466C-B1AA-F0DCBB57357D}.NO RAS Release|Mixed Platforms.ActiveCfg = Release|x86
		{7DB428C2-4514-466C-B1AA-F0DCBB57357D}.NO RAS Release|Mixed Platforms.Build.0 = Release|x86
		{7DB428C2-4514-466C-B1AA-F0DCBB57357D}.NO RAS Release|Mixed Platforms.Deploy.0 = Release|x86
		{7DB428C2-4514-466C-B1AA-F0DCBB57357D}.NO RAS Release|Win32.ActiveCfg = Release|x86
		{7DB428C2-4514-466C-B1AA-F0DCBB57357D}.NO RAS Release|Win32.Build.0 = Release|x86
		{7DB428C2-4514-466C-B1AA-F0DCBB57357D}.NO RAS Release|Win32.Deploy.0 = Release|x86
		{7DB428C2-4514-466C-B1AA-F0DCBB57357D}.NO RAS Release|x86.ActiveCfg = Release|x86
		{7DB428C2-4514-466C-B1AA-F0DCBB57357D}.NO RAS Release|x86.Build.0 = Release|x86
		{7DB428C2-4514-466C-B1AA-F0DCBB57357D}.NO RAS Release|x86.Deploy.0 = Release|x86
		{7DB428C2-4514-466C-B1AA-F0DCBB57357D}.RAS Debug|Any CPU.ActiveCfg = Debug|Any CPU
		{7DB428C2-4514-466C-B1AA-F0DCBB57357D}.RAS Debug|Any CPU.Build.0 = Debug|Any CPU
		{7DB428C2-4514-466C-B1AA-F0DCBB57357D}.RAS Debug|Any CPU.Deploy.0 = Debug|Any CPU
		{7DB428C2-4514-466C-B1AA-F0DCBB57357D}.RAS Debug|ARM.ActiveCfg = Debug|ARM
		{7DB428C2-4514-466C-B1AA-F0DCBB57357D}.RAS Debug|ARM.Build.0 = Debug|ARM
		{7DB428C2-4514-466C-B1AA-F0DCBB57357D}.RAS Debug|ARM.Deploy.0 = Debug|ARM
		{7DB428C2-4514-466C-B1AA-F0DCBB57357D}.RAS Debug|Mixed Platforms.ActiveCfg = Debug|x86
		{7DB428C2-4514-466C-B1AA-F0DCBB57357D}.RAS Debug|Mixed Platforms.Build.0 = Debug|x86
		{7DB428C2-4514-466C-B1AA-F0DCBB57357D}.RAS Debug|Mixed Platforms.Deploy.0 = Debug|x86
		{7DB428C2-4514-466C-B1AA-F0DCBB57357D}.RAS Debug|Win32.ActiveCfg = Debug|x86
		{7DB428C2-4514-466C-B1AA-F0DCBB57357D}.RAS Debug|Win32.Build.0 = Debug|x86
		{7DB428C2-4514-466C-B1AA-F0DCBB57357D}.RAS Debug|Win32.Deploy.0 = Debug|x86
		{7DB428C2-4514-466C-B1AA-F0DCBB57357D}.RAS Debug|x86.ActiveCfg = Debug|x86
		{7DB428C2-4514-466C-B1AA-F0DCBB57357D}.RAS Debug|x86.Build.0 = Debug|x86
		{7DB428C2-4514-466C-B1AA-F0DCBB57357D}.RAS Debug|x86.Deploy.0 = Debug|x86
		{7DB428C2-4514-466C-B1AA-F0DCBB57357D}.RAS Release|Any CPU.ActiveCfg = Release|Any CPU
		{7DB428C2-4514-466C-B1AA-F0DCBB57357D}.RAS Release|Any CPU.Build.0 = Release|Any CPU
		{7DB428C2-4514-466C-B1AA-F0DCBB57357D}.RAS Release|Any CPU.Deploy.0 = Release|Any CPU
		{7DB428C2-4514-466C-B1AA-F0DCBB57357D}.RAS Release|ARM.ActiveCfg = Release|ARM
		{7DB428C2-4514-466C-B1AA-F0DCBB57357D}.RAS Release|ARM.Build.0 = Release|ARM
		{7DB428C2-4514-466C-B1AA-F0DCBB57357D}.RAS Release|ARM.Deploy.0 = Release|ARM
		{7DB428C2-4514-466C-B1AA-F0DCBB57357D}.RAS Release|Mixed Platforms.ActiveCfg = Release|x86
		{7DB428C2-4514-466C-B1AA-F0DCBB57357D}.RAS Release|Mixed Platforms.Build.0 = Release|x86
		{7DB428C2-4514-466C-B1AA-F0DCBB57357D}.RAS Release|Mixed Platforms.Deploy.0 = Release|x86
		{7DB428C2-4514-466C-B1AA-F0DCBB57357D}.RAS Release|Win32.ActiveCfg = Release|x86
		{7DB428C2-4514-466C-B1AA-F0DCBB57357D}.RAS Release|Win32.Build.0 = Release|x86
		{7DB428C2-4514-466C-B1AA-F0DCBB57357D}.RAS Release|Win32.Deploy.0 = Release|x86
		{7DB428C2-4514-466C-B1AA-F0DCBB57357D}.RAS Release|x86.ActiveCfg = Release|x86
		{7DB428C2-4514-466C-B1AA-F0DCBB57357D}.RAS Release|x86.Build.0 = Release|x86
		{7DB428C2-4514-466C-B1AA-F0DCBB57357D}.RAS Release|x86.Deploy.0 = Release|x86
		{7DB428C2-4514-466C-B1AA-F0DCBB57357D}.Release|Any CPU.ActiveCfg = Release|Any CPU
		{7DB428C2-4514-466C-B1AA-F0DCBB57357D}.Release|Any CPU.Build.0 = Release|Any CPU
		{7DB428C2-4514-466C-B1AA-F0DCBB57357D}.Release|Any CPU.Deploy.0 = Release|Any CPU
		{7DB428C2-4514-466C-B1AA-F0DCBB57357D}.Release|ARM.ActiveCfg = Release|ARM
		{7DB428C2-4514-466C-B1AA-F0DCBB57357D}.Release|ARM.Build.0 = Release|ARM
		{7DB428C2-4514-466C-B1AA-F0DCBB57357D}.Release|ARM.Deploy.0 = Release|ARM
		{7DB428C2-4514-466C-B1AA-F0DCBB57357D}.Release|Mixed Platforms.ActiveCfg = Release|x86
		{7DB428C2-4514-466C-B1AA-F0DCBB57357D}.Release|Mixed Platforms.Build.0 = Release|x86
		{7DB428C2-4514-466C-B1AA-F0DCBB57357D}.Release|Mixed Platforms.Deploy.0 = Release|x86
		{7DB428C2-4514-466C-B1AA-F0DCBB57357D}.Release|Win32.ActiveCfg = Release|x86
		{7DB428C2-4514-466C-B1AA-F0DCBB57357D}.Release|Win32.Build.0 = Release|x86
		{7DB428C2-4514-466C-B1AA-F0DCBB57357D}.Release|Win32.Deploy.0 = Release|x86
		{7DB428C2-4514-466C-B1AA-F0DCBB57357D}.Release|x86.ActiveCfg = Release|x86
		{7DB428C2-4514-466C-B1AA-F0DCBB57357D}.Release|x86.Build.0 = Release|x86
		{7DB428C2-4514-466C-B1AA-F0DCBB57357D}.Release|x86.Deploy.0 = Release|x86
		{7DB428C2-4514-466C-B1AA-F0DCBB57357D}.TestSuite|Any CPU.ActiveCfg = Release|Any CPU
		{7DB428C2-4514-466C-B1AA-F0DCBB57357D}.TestSuite|Any CPU.Build.0 = Release|Any CPU
		{7DB428C2-4514-466C-B1AA-F0DCBB57357D}.TestSuite|Any CPU.Deploy.0 = Release|Any CPU
		{7DB428C2-4514-466C-B1AA-F0DCBB57357D}.TestSuite|ARM.ActiveCfg = Release|ARM
		{7DB428C2-4514-466C-B1AA-F0DCBB57357D}.TestSuite|ARM.Build.0 = Release|ARM
		{7DB428C2-4514-466C-B1AA-F0DCBB57357D}.TestSuite|ARM.Deploy.0 = Release|ARM
		{7DB428C2-4514-466C-B1AA-F0DCBB57357D}.TestSuite|Mixed Platforms.ActiveCfg = Release|x86
		{7DB428C2-4514-466C-B1AA-F0DCBB57357D}.TestSuite|Mixed Platforms.Build.0 = Release|x86
		{7DB428C2-4514-466C-B1AA-F0DCBB57357D}.TestSuite|Mixed Platforms.Deploy.0 = Release|x86
		{7DB428C2-4514-466C-B1AA-F0DCBB57357D}.TestSuite|Win32.ActiveCfg = Release|x86
		{7DB428C2-4514-466C-B1AA-F0DCBB57357D}.TestSuite|Win32.Build.0 = Release|x86
		{7DB428C2-4514-466C-B1AA-F0DCBB57357D}.TestSuite|Win32.Deploy.0 = Release|x86
		{7DB428C2-4514-466C-B1AA-F0DCBB57357D}.TestSuite|x86.ActiveCfg = Release|x86
		{7DB428C2-4514-466C-B1AA-F0DCBB57357D}.TestSuite|x86.Build.0 = Release|x86
		{7DB428C2-4514-466C-B1AA-F0DCBB57357D}.TestSuite|x86.Deploy.0 = Release|x86
	EndGlobalSection
	GlobalSection(SolutionProperties) = preSolution
		HideSolutionNode = FALSE
	EndGlobalSection
EndGlobal
