
Microsoft Visual Studio Solution File, Format Version 12.00
# Visual Studio 15
VisualStudioVersion = 15.0.27130.2024
MinimumVisualStudioVersion = 10.0.40219.1
Project("{8BC9CEB8-8B4A-11D0-8D11-00A0C91BC942}") = "TCVM", "TCVM.vcxproj", "{B6DC7204-DD8B-4A7B-995F-368B82F630DE}"
EndProject
Global
	GlobalSection(SolutionConfigurationPlatforms) = preSolution
		Debug|Mixed Platforms = Debug|Mixed Platforms
		Debug|Pocket PC 2003 (ARMV4) = Debug|Pocket PC 2003 (ARMV4)
		Debug|Smartphone 2003 (ARMV4) = Debug|Smartphone 2003 (ARMV4)
		Debug|Win32 = Debug|Win32
		Debug|Windows CE 6 SDK (ARMV4I) = Debug|Windows CE 6 SDK (ARMV4I)
		Debug|Windows Mobile 5.0 Pocket PC SDK (ARMV4I) = Debug|Windows Mobile 5.0 Pocket PC SDK (ARMV4I)
		Debug|Windows Mobile 5.0 Smartphone SDK (ARMV4I) = Debug|Windows Mobile 5.0 Smartphone SDK (ARMV4I)
		DEMO Debug|Mixed Platforms = DEMO Debug|Mixed Platforms
		DEMO Debug|Pocket PC 2003 (ARMV4) = DEMO Debug|Pocket PC 2003 (ARMV4)
		DEMO Debug|Smartphone 2003 (ARMV4) = DEMO Debug|Smartphone 2003 (ARMV4)
		DEMO Debug|Win32 = DEMO Debug|Win32
		DEMO Debug|Windows CE 6 SDK (ARMV4I) = DEMO Debug|Windows CE 6 SDK (ARMV4I)
		DEMO Debug|Windows Mobile 5.0 Pocket PC SDK (ARMV4I) = DEMO Debug|Windows Mobile 5.0 Pocket PC SDK (ARMV4I)
		DEMO Debug|Windows Mobile 5.0 Smartphone SDK (ARMV4I) = DEMO Debug|Windows Mobile 5.0 Smartphone SDK (ARMV4I)
		DEMO Release|Mixed Platforms = DEMO Release|Mixed Platforms
		DEMO Release|Pocket PC 2003 (ARMV4) = DEMO Release|Pocket PC 2003 (ARMV4)
		DEMO Release|Smartphone 2003 (ARMV4) = DEMO Release|Smartphone 2003 (ARMV4)
		DEMO Release|Win32 = DEMO Release|Win32
		DEMO Release|Windows CE 6 SDK (ARMV4I) = DEMO Release|Windows CE 6 SDK (ARMV4I)
		DEMO Release|Windows Mobile 5.0 Pocket PC SDK (ARMV4I) = DEMO Release|Windows Mobile 5.0 Pocket PC SDK (ARMV4I)
		DEMO Release|Windows Mobile 5.0 Smartphone SDK (ARMV4I) = DEMO Release|Windows Mobile 5.0 Smartphone SDK (ARMV4I)
		NO RAS Debug|Mixed Platforms = NO RAS Debug|Mixed Platforms
		NO RAS Debug|Pocket PC 2003 (ARMV4) = NO RAS Debug|Pocket PC 2003 (ARMV4)
		NO RAS Debug|Smartphone 2003 (ARMV4) = NO RAS Debug|Smartphone 2003 (ARMV4)
		NO RAS Debug|Win32 = NO RAS Debug|Win32
		NO RAS Debug|Windows CE 6 SDK (ARMV4I) = NO RAS Debug|Windows CE 6 SDK (ARMV4I)
		NO RAS Debug|Windows Mobile 5.0 Pocket PC SDK (ARMV4I) = NO RAS Debug|Windows Mobile 5.0 Pocket PC SDK (ARMV4I)
		NO RAS Debug|Windows Mobile 5.0 Smartphone SDK (ARMV4I) = NO RAS Debug|Windows Mobile 5.0 Smartphone SDK (ARMV4I)
		NO RAS Release|Mixed Platforms = NO RAS Release|Mixed Platforms
		NO RAS Release|Pocket PC 2003 (ARMV4) = NO RAS Release|Pocket PC 2003 (ARMV4)
		NO RAS Release|Smartphone 2003 (ARMV4) = NO RAS Release|Smartphone 2003 (ARMV4)
		NO RAS Release|Win32 = NO RAS Release|Win32
		NO RAS Release|Windows CE 6 SDK (ARMV4I) = NO RAS Release|Windows CE 6 SDK (ARMV4I)
		NO RAS Release|Windows Mobile 5.0 Pocket PC SDK (ARMV4I) = NO RAS Release|Windows Mobile 5.0 Pocket PC SDK (ARMV4I)
		NO RAS Release|Windows Mobile 5.0 Smartphone SDK (ARMV4I) = NO RAS Release|Windows Mobile 5.0 Smartphone SDK (ARMV4I)
		Release|Mixed Platforms = Release|Mixed Platforms
		Release|Pocket PC 2003 (ARMV4) = Release|Pocket PC 2003 (ARMV4)
		Release|Smartphone 2003 (ARMV4) = Release|Smartphone 2003 (ARMV4)
		Release|Win32 = Release|Win32
		Release|Windows CE 6 SDK (ARMV4I) = Release|Windows CE 6 SDK (ARMV4I)
		Release|Windows Mobile 5.0 Pocket PC SDK (ARMV4I) = Release|Windows Mobile 5.0 Pocket PC SDK (ARMV4I)
		Release|Windows Mobile 5.0 Smartphone SDK (ARMV4I) = Release|Windows Mobile 5.0 Smartphone SDK (ARMV4I)
		TestSuite|Mixed Platforms = TestSuite|Mixed Platforms
		TestSuite|Pocket PC 2003 (ARMV4) = TestSuite|Pocket PC 2003 (ARMV4)
		TestSuite|Smartphone 2003 (ARMV4) = TestSuite|Smartphone 2003 (ARMV4)
		TestSuite|Win32 = TestSuite|Win32
		TestSuite|Windows CE 6 SDK (ARMV4I) = TestSuite|Windows CE 6 SDK (ARMV4I)
		TestSuite|Windows Mobile 5.0 Pocket PC SDK (ARMV4I) = TestSuite|Windows Mobile 5.0 Pocket PC SDK (ARMV4I)
		TestSuite|Windows Mobile 5.0 Smartphone SDK (ARMV4I) = TestSuite|Windows Mobile 5.0 Smartphone SDK (ARMV4I)
	EndGlobalSection
	GlobalSection(ProjectConfigurationPlatforms) = postSolution
		{B6DC7204-DD8B-4A7B-995F-368B82F630DE}.Debug|Mixed Platforms.ActiveCfg = Debug|Win32
		{B6DC7204-DD8B-4A7B-995F-368B82F630DE}.Debug|Mixed Platforms.Build.0 = Debug|Win32
		{B6DC7204-DD8B-4A7B-995F-368B82F630DE}.Debug|Mixed Platforms.Deploy.0 = Debug|Win32
		{B6DC7204-DD8B-4A7B-995F-368B82F630DE}.Debug|Pocket PC 2003 (ARMV4).ActiveCfg = Debug|Win32
		{B6DC7204-DD8B-4A7B-995F-368B82F630DE}.Debug|Smartphone 2003 (ARMV4).ActiveCfg = Debug|Win32
		{B6DC7204-DD8B-4A7B-995F-368B82F630DE}.Debug|Win32.ActiveCfg = Debug|Win32
		{B6DC7204-DD8B-4A7B-995F-368B82F630DE}.Debug|Win32.Build.0 = Debug|Win32
		{B6DC7204-DD8B-4A7B-995F-368B82F630DE}.Debug|Windows CE 6 SDK (ARMV4I).ActiveCfg = Debug|Win32
		{B6DC7204-DD8B-4A7B-995F-368B82F630DE}.Debug|Windows Mobile 5.0 Pocket PC SDK (ARMV4I).ActiveCfg = Debug|Win32
		{B6DC7204-DD8B-4A7B-995F-368B82F630DE}.Debug|Windows Mobile 5.0 Smartphone SDK (ARMV4I).ActiveCfg = Debug|Win32
		{B6DC7204-DD8B-4A7B-995F-368B82F630DE}.DEMO Debug|Mixed Platforms.ActiveCfg = DEMO Debug|Win32
		{B6DC7204-DD8B-4A7B-995F-368B82F630DE}.DEMO Debug|Mixed Platforms.Build.0 = DEMO Debug|Win32
		{B6DC7204-DD8B-4A7B-995F-368B82F630DE}.DEMO Debug|Mixed Platforms.Deploy.0 = DEMO Debug|Win32
		{B6DC7204-DD8B-4A7B-995F-368B82F630DE}.DEMO Debug|Pocket PC 2003 (ARMV4).ActiveCfg = DEMO Debug|Win32
		{B6DC7204-DD8B-4A7B-995F-368B82F630DE}.DEMO Debug|Smartphone 2003 (ARMV4).ActiveCfg = DEMO Debug|Win32
		{B6DC7204-DD8B-4A7B-995F-368B82F630DE}.DEMO Debug|Win32.ActiveCfg = DEMO Debug|Win32
		{B6DC7204-DD8B-4A7B-995F-368B82F630DE}.DEMO Debug|Win32.Build.0 = DEMO Debug|Win32
		{B6DC7204-DD8B-4A7B-995F-368B82F630DE}.DEMO Debug|Windows CE 6 SDK (ARMV4I).ActiveCfg = DEMO Debug|Win32
		{B6DC7204-DD8B-4A7B-995F-368B82F630DE}.DEMO Debug|Windows Mobile 5.0 Pocket PC SDK (ARMV4I).ActiveCfg = DEMO Debug|Win32
		{B6DC7204-DD8B-4A7B-995F-368B82F630DE}.DEMO Debug|Windows Mobile 5.0 Smartphone SDK (ARMV4I).ActiveCfg = DEMO Debug|Win32
		{B6DC7204-DD8B-4A7B-995F-368B82F630DE}.DEMO Release|Mixed Platforms.ActiveCfg = DEMO Release|Win32
		{B6DC7204-DD8B-4A7B-995F-368B82F630DE}.DEMO Release|Mixed Platforms.Build.0 = DEMO Release|Win32
		{B6DC7204-DD8B-4A7B-995F-368B82F630DE}.DEMO Release|Mixed Platforms.Deploy.0 = DEMO Release|Win32
		{B6DC7204-DD8B-4A7B-995F-368B82F630DE}.DEMO Release|Pocket PC 2003 (ARMV4).ActiveCfg = DEMO Release|Win32
		{B6DC7204-DD8B-4A7B-995F-368B82F630DE}.DEMO Release|Smartphone 2003 (ARMV4).ActiveCfg = DEMO Release|Win32
		{B6DC7204-DD8B-4A7B-995F-368B82F630DE}.DEMO Release|Win32.ActiveCfg = DEMO Release|Win32
		{B6DC7204-DD8B-4A7B-995F-368B82F630DE}.DEMO Release|Win32.Build.0 = DEMO Release|Win32
		{B6DC7204-DD8B-4A7B-995F-368B82F630DE}.DEMO Release|Windows CE 6 SDK (ARMV4I).ActiveCfg = DEMO Release|Win32
		{B6DC7204-DD8B-4A7B-995F-368B82F630DE}.DEMO Release|Windows Mobile 5.0 Pocket PC SDK (ARMV4I).ActiveCfg = DEMO Release|Win32
		{B6DC7204-DD8B-4A7B-995F-368B82F630DE}.DEMO Release|Windows Mobile 5.0 Smartphone SDK (ARMV4I).ActiveCfg = DEMO Release|Win32
		{B6DC7204-DD8B-4A7B-995F-368B82F630DE}.NO RAS Debug|Mixed Platforms.ActiveCfg = NO RAS Debug|Win32
		{B6DC7204-DD8B-4A7B-995F-368B82F630DE}.NO RAS Debug|Mixed Platforms.Build.0 = NO RAS Debug|Win32
		{B6DC7204-DD8B-4A7B-995F-368B82F630DE}.NO RAS Debug|Mixed Platforms.Deploy.0 = NO RAS Debug|Win32
		{B6DC7204-DD8B-4A7B-995F-368B82F630DE}.NO RAS Debug|Pocket PC 2003 (ARMV4).ActiveCfg = NO RAS Debug|Win32
		{B6DC7204-DD8B-4A7B-995F-368B82F630DE}.NO RAS Debug|Smartphone 2003 (ARMV4).ActiveCfg = NO RAS Debug|Win32
		{B6DC7204-DD8B-4A7B-995F-368B82F630DE}.NO RAS Debug|Win32.ActiveCfg = NO RAS Debug|Win32
		{B6DC7204-DD8B-4A7B-995F-368B82F630DE}.NO RAS Debug|Win32.Build.0 = NO RAS Debug|Win32
		{B6DC7204-DD8B-4A7B-995F-368B82F630DE}.NO RAS Debug|Windows CE 6 SDK (ARMV4I).ActiveCfg = NO RAS Debug|Win32
		{B6DC7204-DD8B-4A7B-995F-368B82F630DE}.NO RAS Debug|Windows Mobile 5.0 Pocket PC SDK (ARMV4I).ActiveCfg = NO RAS Debug|Win32
		{B6DC7204-DD8B-4A7B-995F-368B82F630DE}.NO RAS Debug|Windows Mobile 5.0 Smartphone SDK (ARMV4I).ActiveCfg = NO RAS Debug|Win32
		{B6DC7204-DD8B-4A7B-995F-368B82F630DE}.NO RAS Release|Mixed Platforms.ActiveCfg = NO RAS Release|Win32
		{B6DC7204-DD8B-4A7B-995F-368B82F630DE}.NO RAS Release|Mixed Platforms.Build.0 = NO RAS Release|Win32
		{B6DC7204-DD8B-4A7B-995F-368B82F630DE}.NO RAS Release|Mixed Platforms.Deploy.0 = NO RAS Release|Win32
		{B6DC7204-DD8B-4A7B-995F-368B82F630DE}.NO RAS Release|Pocket PC 2003 (ARMV4).ActiveCfg = NO RAS Release|Win32
		{B6DC7204-DD8B-4A7B-995F-368B82F630DE}.NO RAS Release|Smartphone 2003 (ARMV4).ActiveCfg = NO RAS Release|Win32
		{B6DC7204-DD8B-4A7B-995F-368B82F630DE}.NO RAS Release|Win32.ActiveCfg = NO RAS Release|Win32
		{B6DC7204-DD8B-4A7B-995F-368B82F630DE}.NO RAS Release|Win32.Build.0 = NO RAS Release|Win32
		{B6DC7204-DD8B-4A7B-995F-368B82F630DE}.NO RAS Release|Windows CE 6 SDK (ARMV4I).ActiveCfg = NO RAS Release|Win32
		{B6DC7204-DD8B-4A7B-995F-368B82F630DE}.NO RAS Release|Windows Mobile 5.0 Pocket PC SDK (ARMV4I).ActiveCfg = NO RAS Release|Win32
		{B6DC7204-DD8B-4A7B-995F-368B82F630DE}.NO RAS Release|Windows Mobile 5.0 Smartphone SDK (ARMV4I).ActiveCfg = NO RAS Release|Win32
		{B6DC7204-DD8B-4A7B-995F-368B82F630DE}.Release|Mixed Platforms.ActiveCfg = Release|Win32
		{B6DC7204-DD8B-4A7B-995F-368B82F630DE}.Release|Mixed Platforms.Build.0 = Release|Win32
		{B6DC7204-DD8B-4A7B-995F-368B82F630DE}.Release|Mixed Platforms.Deploy.0 = Release|Win32
		{B6DC7204-DD8B-4A7B-995F-368B82F630DE}.Release|Pocket PC 2003 (ARMV4).ActiveCfg = Release|Win32
		{B6DC7204-DD8B-4A7B-995F-368B82F630DE}.Release|Smartphone 2003 (ARMV4).ActiveCfg = Release|Win32
		{B6DC7204-DD8B-4A7B-995F-368B82F630DE}.Release|Win32.ActiveCfg = Release|Win32
		{B6DC7204-DD8B-4A7B-995F-368B82F630DE}.Release|Win32.Build.0 = Release|Win32
		{B6DC7204-DD8B-4A7B-995F-368B82F630DE}.Release|Windows CE 6 SDK (ARMV4I).ActiveCfg = Release|Win32
		{B6DC7204-DD8B-4A7B-995F-368B82F630DE}.Release|Windows Mobile 5.0 Pocket PC SDK (ARMV4I).ActiveCfg = Release|Win32
		{B6DC7204-DD8B-4A7B-995F-368B82F630DE}.Release|Windows Mobile 5.0 Smartphone SDK (ARMV4I).ActiveCfg = Release|Win32
		{B6DC7204-DD8B-4A7B-995F-368B82F630DE}.TestSuite|Mixed Platforms.ActiveCfg = TestSuite|Win32
		{B6DC7204-DD8B-4A7B-995F-368B82F630DE}.TestSuite|Mixed Platforms.Build.0 = TestSuite|Win32
		{B6DC7204-DD8B-4A7B-995F-368B82F630DE}.TestSuite|Mixed Platforms.Deploy.0 = TestSuite|Win32
		{B6DC7204-DD8B-4A7B-995F-368B82F630DE}.TestSuite|Pocket PC 2003 (ARMV4).ActiveCfg = TestSuite|Win32
		{B6DC7204-DD8B-4A7B-995F-368B82F630DE}.TestSuite|Smartphone 2003 (ARMV4).ActiveCfg = TestSuite|Win32
		{B6DC7204-DD8B-4A7B-995F-368B82F630DE}.TestSuite|Win32.ActiveCfg = TestSuite|Win32
		{B6DC7204-DD8B-4A7B-995F-368B82F630DE}.TestSuite|Win32.Build.0 = TestSuite|Win32
		{B6DC7204-DD8B-4A7B-995F-368B82F630DE}.TestSuite|Windows CE 6 SDK (ARMV4I).ActiveCfg = TestSuite|Win32
		{B6DC7204-DD8B-4A7B-995F-368B82F630DE}.TestSuite|Windows Mobile 5.0 Pocket PC SDK (ARMV4I).ActiveCfg = TestSuite|Win32
		{B6DC7204-DD8B-4A7B-995F-368B82F630DE}.TestSuite|Windows Mobile 5.0 Smartphone SDK (ARMV4I).ActiveCfg = TestSuite|Win32
	EndGlobalSection
	GlobalSection(SolutionProperties) = preSolution
		HideSolutionNode = FALSE
	EndGlobalSection
	GlobalSection(ExtensibilityGlobals) = postSolution
		SolutionGuid = {7A764DEE-014C-4AD6-82AF-4EA414FB6E53}
	EndGlobalSection
EndGlobal
